
Microsoft Visual Studio Solution File, Format Version 12.00
# Visual Studio Version 17
VisualStudioVersion = 17.0.31903.59
MinimumVisualStudioVersion = 10.0.40219.1
Project("{2150E333-8FDC-42A3-9474-1A3956D46DE8}") = "Solution Items", "Solution Items", "{2C8C0A1E-5E8E-4F9A-9D8B-1A2B3C4D5E6F}"
	ProjectSection(SolutionItems) = preProject
		.gitignore = .gitignore
		LICENSE = LICENSE
		README.md = README.md
	EndProjectSection
EndProject
Project("{2150E333-8FDC-42A3-9474-1A3956D46DE8}") = "src", "src", "{8BC9CEB8-8B4A-11D0-8D11-00A0C91BC942}"
EndProject
Project("{FAE04EC0-301F-11D3-BF4B-00C04F79EFBC}") = "Databento.Interop", "src\Databento.Interop\Databento.Interop.csproj", "{A7FD33F6-68B0-4B1D-8C19-6C5E02C2F7E1}"
EndProject
Project("{FAE04EC0-301F-11D3-BF4B-00C04F79EFBC}") = "Databento.Client", "src\Databento.Client\Databento.Client.csproj", "{B8FE44F7-79C1-4C2E-9D2A-7D6F03D3F8F2}"
EndProject
Project("{2150E333-8FDC-42A3-9474-1A3956D46DE8}") = "examples", "examples", "{0CCA0EB9-9C5B-22E1-9E22-11B1D92CD054}"
EndProject
Project("{FAE04EC0-301F-11D3-BF4B-00C04F79EFBC}") = "LiveStreaming.Example", "examples\LiveStreaming.Example\LiveStreaming.Example.csproj", "{59996FF8-11DE-4E1F-B86A-D6917CFB5399}"
EndProject
Project("{FAE04EC0-301F-11D3-BF4B-00C04F79EFBC}") = "HistoricalData.Example", "examples\HistoricalData.Example\HistoricalData.Example.csproj", "{99428F86-7707-4A79-9901-5E0311383A43}"
EndProject
Project("{FAE04EC0-301F-11D3-BF4B-00C04F79EFBC}") = "Advanced.Example", "examples\Advanced.Example\Advanced.Example.csproj", "{55E804DB-0CD9-429D-8185-3916C157BABF}"
EndProject
Project("{FAE04EC0-301F-11D3-BF4B-00C04F79EFBC}") = "Authentication.Example", "examples\Authentication.Example\Authentication.Example.csproj", "{A1234567-89AB-CDEF-0123-456789ABCDEF}"
EndProject
Project("{FAE04EC0-301F-11D3-BF4B-00C04F79EFBC}") = "Errors.Example", "examples\Errors.Example\Errors.Example.csproj", "{B2345678-9ABC-DEF0-1234-56789ABCDEF0}"
EndProject
Project("{FAE04EC0-301F-11D3-BF4B-00C04F79EFBC}") = "SizeLimits.Example", "examples\SizeLimits.Example\SizeLimits.Example.csproj", "{C3456789-ABCD-EF01-2345-6789ABCDEF01}"
EndProject
Project("{FAE04EC0-301F-11D3-BF4B-00C04F79EFBC}") = "Historical.Example", "examples\Historical.Example\Historical.Example.csproj", "{D4567890-BCDE-F012-3456-789ABCDEF012}"
EndProject
Project("{FAE04EC0-301F-11D3-BF4B-00C04F79EFBC}") = "Metadata.Example", "examples\Metadata.Example\Metadata.Example.csproj", "{E5678901-CDEF-0123-4567-89ABCDEF0123}"
EndProject
Project("{FAE04EC0-301F-11D3-BF4B-00C04F79EFBC}") = "Symbology.Example", "examples\Symbology.Example\Symbology.Example.csproj", "{F6789012-DEF0-1234-5678-9ABCDEF01234}"
EndProject
Project("{FAE04EC0-301F-11D3-BF4B-00C04F79EFBC}") = "Batch.Example", "examples\Batch.Example\Batch.Example.csproj", "{10890123-EF01-2345-6789-ABCDEF012345}"
EndProject
Project("{FAE04EC0-301F-11D3-BF4B-00C04F79EFBC}") = "BatchDownloadKeepZip.Example", "examples\BatchDownloadKeepZip.Example\BatchDownloadKeepZip.Example.csproj", "{11901234-EF02-3456-789A-BCDEF1234567}"
EndProject
Project("{FAE04EC0-301F-11D3-BF4B-00C04F79EFBC}") = "DbnFileReader.Example", "examples\DbnFileReader.Example\DbnFileReader.Example.csproj", "{21901234-F012-3456-789A-BCDEF0123456}"
EndProject
Project("{FAE04EC0-301F-11D3-BF4B-00C04F79EFBC}") = "SymbolMap.Example", "examples\SymbolMap.Example\SymbolMap.Example.csproj", "{32012345-0123-4567-89AB-CDEF01234567}"
EndProject
Project("{FAE04EC0-301F-11D3-BF4B-00C04F79EFBC}") = "TimestampValidationTest", "examples\TimestampValidationTest\TimestampValidationTest.csproj", "{139FA523-CAF0-4EE4-8C5F-C4AE417473A5}"
EndProject
Project("{FAE04EC0-301F-11D3-BF4B-00C04F79EFBC}") = "LiveAuthentication.Example", "examples\LiveAuthentication.Example\LiveAuthentication.Example.csproj", "{980DE681-BBA8-481A-A3AE-42D0918E079B}"
EndProject
Project("{FAE04EC0-301F-11D3-BF4B-00C04F79EFBC}") = "IntradayReplay.Example", "examples\IntradayReplay.Example\IntradayReplay.Example.csproj", "{5035EAAB-C8E2-45E1-8DEB-66C3CDBAA5DB}"
EndProject
Project("{FAE04EC0-301F-11D3-BF4B-00C04F79EFBC}") = "Snapshot.Example", "examples\Snapshot.Example\Snapshot.Example.csproj", "{B20C7BE9-8BFB-46F0-883D-BE29861114DA}"
EndProject
Project("{FAE04EC0-301F-11D3-BF4B-00C04F79EFBC}") = "LiveBlocking.Example", "examples\LiveBlocking.Example\LiveBlocking.Example.csproj", "{E3DE301D-EE20-439D-865B-A13ADFF11332}"
EndProject
Project("{FAE04EC0-301F-11D3-BF4B-00C04F79EFBC}") = "MultipleSubscriptions.Example", "examples\MultipleSubscriptions.Example\MultipleSubscriptions.Example.csproj", "{211DA789-27EF-4339-A52F-79F87E3E36DA}"
EndProject
Project("{FAE04EC0-301F-11D3-BF4B-00C04F79EFBC}") = "SnapshotSubscription.Example", "examples\SnapshotSubscription.Example\SnapshotSubscription.Example.csproj", "{8FF1199E-BABF-48F9-A0B2-1CCFAF57261B}"
EndProject
Project("{FAE04EC0-301F-11D3-BF4B-00C04F79EFBC}") = "StartWithMetadata.Example", "examples\StartWithMetadata.Example\StartWithMetadata.Example.csproj", "{5F96E107-560F-4082-A4EB-33B128836EC9}"
EndProject
Project("{FAE04EC0-301F-11D3-BF4B-00C04F79EFBC}") = "LiveBlocking.Comprehensive.Example", "examples\LiveBlocking.Comprehensive.Example\LiveBlocking.Comprehensive.Example.csproj", "{755E6E0D-44E4-47C5-A677-DAD12A61BD8A}"
EndProject
Project("{FAE04EC0-301F-11D3-BF4B-00C04F79EFBC}") = "LiveThreaded.Comprehensive.Example", "examples\LiveThreaded.Comprehensive.Example\LiveThreaded.Comprehensive.Example.csproj", "{C8B439DF-C2FA-4966-845C-947E96D400CB}"
EndProject
Project("{FAE04EC0-301F-11D3-BF4B-00C04F79EFBC}") = "LiveThreaded.ExceptionCallback.Example", "examples\LiveThreaded.ExceptionCallback.Example\LiveThreaded.ExceptionCallback.Example.csproj", "{5068BD0E-6348-4A13-AE87-346A55BFB834}"
EndProject
Project("{FAE04EC0-301F-11D3-BF4B-00C04F79EFBC}") = "Reference.Example", "examples\Reference.Example\Reference.Example.csproj", "{DB666BA2-1464-4C0D-85FD-E55D2FF90C4F}"
EndProject
Project("{FAE04EC0-301F-11D3-BF4B-00C04F79EFBC}") = "Historical.Readme.Example", "examples\Historical.Readme.Example\Historical.Readme.Example.csproj", "{D0283AF8-EFA7-4322-9691-31DF1BF66EFA}"
EndProject
Project("{FAE04EC0-301F-11D3-BF4B-00C04F79EFBC}") = "LiveStreaming.Readme.Example", "examples\LiveStreaming.Readme.Example\LiveStreaming.Readme.Example.csproj", "{9A17EFEF-5061-4FF1-B031-5547B4978FD6}"
EndProject
Project("{FAE04EC0-301F-11D3-BF4B-00C04F79EFBC}") = "LiveSymbolResolution.Example", "examples\LiveSymbolResolution.Example\LiveSymbolResolution.Example.csproj", "{5C2D6E22-D0DC-4A95-A66B-5499B852A4BB}"
EndProject
Project("{FAE04EC0-301F-11D3-BF4B-00C04F79EFBC}") = "InstrumentDefinition.Example", "examples\InstrumentDefTest.v4\InstrumentDefinition.Example.csproj", "{9D7E3F45-B1C2-4D8E-A3F6-7C8B9D0E1F2A}"
EndProject
Project("{FAE04EC0-301F-11D3-BF4B-00C04F79EFBC}") = "AllSymbolsInstrumentClass.Example", "examples\AllSymbolsInstrumentClass.Example\AllSymbolsInstrumentClass.Example.csproj", "{8E6D4C3B-A9F1-4E2D-B7A8-6C5D9E0F1A3B}"
EndProject
Project("{FAE04EC0-301F-11D3-BF4B-00C04F79EFBC}") = "Comprehensive.Example", "examples\Comprehensive.Example\Comprehensive.Example.csproj", "{28AF8097-C8C2-4918-B9F5-24AA24126442}"
EndProject
Project("{FAE04EC0-301F-11D3-BF4B-00C04F79EFBC}") = "ComprehensiveDemo.Example", "examples\ComprehensiveDemo.Example\ComprehensiveDemo.Example.csproj", "{39BF9108-D9D3-5A29-C0A6-35BB35237553}"
EndProject
Project("{FAE04EC0-301F-11D3-BF4B-00C04F79EFBC}") = "InstrumentDefinitionDecoder.Example", "examples\InstrumentDefinitionDecoder.Example\InstrumentDefinitionDecoder.Example.csproj", "{4FD17598-D68E-4820-8902-B9D226EC4061}"
EndProject
Project("{FAE04EC0-301F-11D3-BF4B-00C04F79EFBC}") = "FuturesFilter.Example", "examples\FuturesFilter.Example\FuturesFilter.Example.csproj", "{A0F28F3B-6E4D-4C1E-B8A9-7D9E1F3A4C5B}"
EndProject
Project("{FAE04EC0-301F-11D3-BF4B-00C04F79EFBC}") = "Message_Historical_TradeMessage.Example", "examples\Message_Historical_TradeMessage.Example\Message_Historical_TradeMessage.Example.csproj", "{B1E29A4C-7D5E-4F3B-A9C8-8E6F2D4A5C7D}"
EndProject
Project("{FAE04EC0-301F-11D3-BF4B-00C04F79EFBC}") = "SymbolMapping_Historical.Example", "examples\SymbolMapping_Historical.Example\SymbolMapping_Historical.Example.csproj", "{7C26D01C-DE45-49F6-87B9-289C370A19E0}"
EndProject
Project("{FAE04EC0-301F-11D3-BF4B-00C04F79EFBC}") = "SymbolMapping_Live.Example", "examples\SymbolMapping_Live.Example\SymbolMapping_Live.Example.csproj", "{45AC772D-E889-49B7-9398-AA100596C008}"
EndProject
Project("{FAE04EC0-301F-11D3-BF4B-00C04F79EFBC}") = "List_Available_Schemas.Example", "examples\List_Available_Schemas.Example\List_Available_Schemas.Example.csproj", "{2486FE73-58C1-4A51-A6A0-02403A78FCF8}"
EndProject
Project("{FAE04EC0-301F-11D3-BF4B-00C04F79EFBC}") = "Get_Most_Recent_Market_Open.Example", "examples\Get_Most_Recent_Market_Open.Example\Get_Most_Recent_Market_Open.Example.csproj", "{38273C0B-2C37-476B-8C9B-1500A95D0044}"
EndProject
Project("{FAE04EC0-301F-11D3-BF4B-00C04F79EFBC}") = "IntradayReplay2.Example", "examples\IntradayReplay2.Example\IntradayReplay2.Example.csproj", "{332BB02E-03D9-4678-948C-86155F448D1C}"
EndProject
Project("{FAE04EC0-301F-11D3-BF4B-00C04F79EFBC}") = "LiveStreaming.Replay.Example", "examples\LiveStreaming.Replay.Example\LiveStreaming.Replay.Example.csproj", "{AA11BB22-CC33-DD44-EE55-FF6677889900}"
EndProject
Project("{FAE04EC0-301F-11D3-BF4B-00C04F79EFBC}") = "LiveBlocking.Replay.Example", "examples\LiveBlocking.Replay.Example\LiveBlocking.Replay.Example.csproj", "{BB22CC33-DD44-EE55-FF66-778899AA0011}"
EndProject
Project("{FAE04EC0-301F-11D3-BF4B-00C04F79EFBC}") = "LiveAuthentication.Replay.Example", "examples\LiveAuthentication.Replay.Example\LiveAuthentication.Replay.Example.csproj", "{CC33DD44-EE55-FF66-7788-99AA00BB1122}"
EndProject
Project("{FAE04EC0-301F-11D3-BF4B-00C04F79EFBC}") = "LiveStreaming.Readme.Replay.Example", "examples\LiveStreaming.Readme.Replay.Example\LiveStreaming.Readme.Replay.Example.csproj", "{DD44EE55-FF66-7788-99AA-00BB1122CC33}"
EndProject
Project("{FAE04EC0-301F-11D3-BF4B-00C04F79EFBC}") = "LiveThreaded.ExceptionCallback.Replay.Example", "examples\LiveThreaded.ExceptionCallback.Replay.Example\LiveThreaded.ExceptionCallback.Replay.Example.csproj", "{EE55FF66-7788-99AA-00BB-1122CC33DD44}"
EndProject
Project("{FAE04EC0-301F-11D3-BF4B-00C04F79EFBC}") = "DiagnosticTest2", "examples\DiagnosticTest2\DiagnosticTest2.csproj", "{1A69D80B-CDB3-4CDB-95B5-EA2726216DA3}"
EndProject
Project("{FAE04EC0-301F-11D3-BF4B-00C04F79EFBC}") = "LiveInvalidSymbol.Test", "examples\LiveInvalidSymbol.Test\LiveInvalidSymbol.Test.csproj", "{DED26D1E-B75F-46B9-AFBB-939BC5611834}"
EndProject
Project("{FAE04EC0-301F-11D3-BF4B-00C04F79EFBC}") = "BatchInvalidSymbol.Test", "examples\BatchInvalidSymbol.Test\BatchInvalidSymbol.Test.csproj", "{5DBDB5F2-D550-4CAC-A942-B9A56300ED0E}"
EndProject
Project("{FAE04EC0-301F-11D3-BF4B-00C04F79EFBC}") = "HistoricalFutureDates.Test", "examples\HistoricalFutureDates.Test\HistoricalFutureDates.Test.csproj", "{243417D8-7F71-44A2-8060-0B03266FDB1B}"
EndProject
Project("{FAE04EC0-301F-11D3-BF4B-00C04F79EFBC}") = "FeatureValidation.Test", "examples\FeatureValidation.Test\FeatureValidation.Test.csproj", "{F15CF348-6D2A-454F-A0EF-E46ACE0B3A15}"
EndProject
Global
	GlobalSection(SolutionConfigurationPlatforms) = preSolution
		Debug|Any CPU = Debug|Any CPU
		Debug|x64 = Debug|x64
		Debug|x86 = Debug|x86
		Release|Any CPU = Release|Any CPU
		Release|x64 = Release|x64
		Release|x86 = Release|x86
	EndGlobalSection
	GlobalSection(ProjectConfigurationPlatforms) = postSolution
		{A7FD33F6-68B0-4B1D-8C19-6C5E02C2F7E1}.Debug|Any CPU.ActiveCfg = Debug|Any CPU
		{A7FD33F6-68B0-4B1D-8C19-6C5E02C2F7E1}.Debug|Any CPU.Build.0 = Debug|Any CPU
		{A7FD33F6-68B0-4B1D-8C19-6C5E02C2F7E1}.Debug|x64.ActiveCfg = Debug|Any CPU
		{A7FD33F6-68B0-4B1D-8C19-6C5E02C2F7E1}.Debug|x64.Build.0 = Debug|Any CPU
		{A7FD33F6-68B0-4B1D-8C19-6C5E02C2F7E1}.Debug|x86.ActiveCfg = Debug|Any CPU
		{A7FD33F6-68B0-4B1D-8C19-6C5E02C2F7E1}.Debug|x86.Build.0 = Debug|Any CPU
		{A7FD33F6-68B0-4B1D-8C19-6C5E02C2F7E1}.Release|Any CPU.ActiveCfg = Release|Any CPU
		{A7FD33F6-68B0-4B1D-8C19-6C5E02C2F7E1}.Release|Any CPU.Build.0 = Release|Any CPU
		{A7FD33F6-68B0-4B1D-8C19-6C5E02C2F7E1}.Release|x64.ActiveCfg = Release|Any CPU
		{A7FD33F6-68B0-4B1D-8C19-6C5E02C2F7E1}.Release|x64.Build.0 = Release|Any CPU
		{A7FD33F6-68B0-4B1D-8C19-6C5E02C2F7E1}.Release|x86.ActiveCfg = Release|Any CPU
		{A7FD33F6-68B0-4B1D-8C19-6C5E02C2F7E1}.Release|x86.Build.0 = Release|Any CPU
		{B8FE44F7-79C1-4C2E-9D2A-7D6F03D3F8F2}.Debug|Any CPU.ActiveCfg = Debug|Any CPU
		{B8FE44F7-79C1-4C2E-9D2A-7D6F03D3F8F2}.Debug|Any CPU.Build.0 = Debug|Any CPU
		{B8FE44F7-79C1-4C2E-9D2A-7D6F03D3F8F2}.Debug|x64.ActiveCfg = Debug|Any CPU
		{B8FE44F7-79C1-4C2E-9D2A-7D6F03D3F8F2}.Debug|x64.Build.0 = Debug|Any CPU
		{B8FE44F7-79C1-4C2E-9D2A-7D6F03D3F8F2}.Debug|x86.ActiveCfg = Debug|Any CPU
		{B8FE44F7-79C1-4C2E-9D2A-7D6F03D3F8F2}.Debug|x86.Build.0 = Debug|Any CPU
		{B8FE44F7-79C1-4C2E-9D2A-7D6F03D3F8F2}.Release|Any CPU.ActiveCfg = Release|Any CPU
		{B8FE44F7-79C1-4C2E-9D2A-7D6F03D3F8F2}.Release|Any CPU.Build.0 = Release|Any CPU
		{B8FE44F7-79C1-4C2E-9D2A-7D6F03D3F8F2}.Release|x64.ActiveCfg = Release|Any CPU
		{B8FE44F7-79C1-4C2E-9D2A-7D6F03D3F8F2}.Release|x64.Build.0 = Release|Any CPU
		{B8FE44F7-79C1-4C2E-9D2A-7D6F03D3F8F2}.Release|x86.ActiveCfg = Release|Any CPU
		{B8FE44F7-79C1-4C2E-9D2A-7D6F03D3F8F2}.Release|x86.Build.0 = Release|Any CPU
		{59996FF8-11DE-4E1F-B86A-D6917CFB5399}.Debug|Any CPU.ActiveCfg = Debug|Any CPU
		{59996FF8-11DE-4E1F-B86A-D6917CFB5399}.Debug|Any CPU.Build.0 = Debug|Any CPU
		{59996FF8-11DE-4E1F-B86A-D6917CFB5399}.Debug|x64.ActiveCfg = Debug|Any CPU
		{59996FF8-11DE-4E1F-B86A-D6917CFB5399}.Debug|x64.Build.0 = Debug|Any CPU
		{59996FF8-11DE-4E1F-B86A-D6917CFB5399}.Debug|x86.ActiveCfg = Debug|Any CPU
		{59996FF8-11DE-4E1F-B86A-D6917CFB5399}.Debug|x86.Build.0 = Debug|Any CPU
		{59996FF8-11DE-4E1F-B86A-D6917CFB5399}.Release|Any CPU.ActiveCfg = Release|Any CPU
		{59996FF8-11DE-4E1F-B86A-D6917CFB5399}.Release|Any CPU.Build.0 = Release|Any CPU
		{59996FF8-11DE-4E1F-B86A-D6917CFB5399}.Release|x64.ActiveCfg = Release|Any CPU
		{59996FF8-11DE-4E1F-B86A-D6917CFB5399}.Release|x64.Build.0 = Release|Any CPU
		{59996FF8-11DE-4E1F-B86A-D6917CFB5399}.Release|x86.ActiveCfg = Release|Any CPU
		{59996FF8-11DE-4E1F-B86A-D6917CFB5399}.Release|x86.Build.0 = Release|Any CPU
		{99428F86-7707-4A79-9901-5E0311383A43}.Debug|Any CPU.ActiveCfg = Debug|Any CPU
		{99428F86-7707-4A79-9901-5E0311383A43}.Debug|Any CPU.Build.0 = Debug|Any CPU
		{99428F86-7707-4A79-9901-5E0311383A43}.Debug|x64.ActiveCfg = Debug|Any CPU
		{99428F86-7707-4A79-9901-5E0311383A43}.Debug|x64.Build.0 = Debug|Any CPU
		{99428F86-7707-4A79-9901-5E0311383A43}.Debug|x86.ActiveCfg = Debug|Any CPU
		{99428F86-7707-4A79-9901-5E0311383A43}.Debug|x86.Build.0 = Debug|Any CPU
		{99428F86-7707-4A79-9901-5E0311383A43}.Release|Any CPU.ActiveCfg = Release|Any CPU
		{99428F86-7707-4A79-9901-5E0311383A43}.Release|Any CPU.Build.0 = Release|Any CPU
		{99428F86-7707-4A79-9901-5E0311383A43}.Release|x64.ActiveCfg = Release|Any CPU
		{99428F86-7707-4A79-9901-5E0311383A43}.Release|x64.Build.0 = Release|Any CPU
		{99428F86-7707-4A79-9901-5E0311383A43}.Release|x86.ActiveCfg = Release|Any CPU
		{99428F86-7707-4A79-9901-5E0311383A43}.Release|x86.Build.0 = Release|Any CPU
		{55E804DB-0CD9-429D-8185-3916C157BABF}.Debug|Any CPU.ActiveCfg = Debug|Any CPU
		{55E804DB-0CD9-429D-8185-3916C157BABF}.Debug|Any CPU.Build.0 = Debug|Any CPU
		{55E804DB-0CD9-429D-8185-3916C157BABF}.Debug|x64.ActiveCfg = Debug|Any CPU
		{55E804DB-0CD9-429D-8185-3916C157BABF}.Debug|x64.Build.0 = Debug|Any CPU
		{55E804DB-0CD9-429D-8185-3916C157BABF}.Debug|x86.ActiveCfg = Debug|Any CPU
		{55E804DB-0CD9-429D-8185-3916C157BABF}.Debug|x86.Build.0 = Debug|Any CPU
		{55E804DB-0CD9-429D-8185-3916C157BABF}.Release|Any CPU.ActiveCfg = Release|Any CPU
		{55E804DB-0CD9-429D-8185-3916C157BABF}.Release|Any CPU.Build.0 = Release|Any CPU
		{55E804DB-0CD9-429D-8185-3916C157BABF}.Release|x64.ActiveCfg = Release|Any CPU
		{55E804DB-0CD9-429D-8185-3916C157BABF}.Release|x64.Build.0 = Release|Any CPU
		{55E804DB-0CD9-429D-8185-3916C157BABF}.Release|x86.ActiveCfg = Release|Any CPU
		{55E804DB-0CD9-429D-8185-3916C157BABF}.Release|x86.Build.0 = Release|Any CPU
		{A1234567-89AB-CDEF-0123-456789ABCDEF}.Debug|Any CPU.ActiveCfg = Debug|Any CPU
		{A1234567-89AB-CDEF-0123-456789ABCDEF}.Debug|Any CPU.Build.0 = Debug|Any CPU
		{A1234567-89AB-CDEF-0123-456789ABCDEF}.Debug|x64.ActiveCfg = Debug|Any CPU
		{A1234567-89AB-CDEF-0123-456789ABCDEF}.Debug|x64.Build.0 = Debug|Any CPU
		{A1234567-89AB-CDEF-0123-456789ABCDEF}.Debug|x86.ActiveCfg = Debug|Any CPU
		{A1234567-89AB-CDEF-0123-456789ABCDEF}.Debug|x86.Build.0 = Debug|Any CPU
		{A1234567-89AB-CDEF-0123-456789ABCDEF}.Release|Any CPU.ActiveCfg = Release|Any CPU
		{A1234567-89AB-CDEF-0123-456789ABCDEF}.Release|Any CPU.Build.0 = Release|Any CPU
		{A1234567-89AB-CDEF-0123-456789ABCDEF}.Release|x64.ActiveCfg = Release|Any CPU
		{A1234567-89AB-CDEF-0123-456789ABCDEF}.Release|x64.Build.0 = Release|Any CPU
		{A1234567-89AB-CDEF-0123-456789ABCDEF}.Release|x86.ActiveCfg = Release|Any CPU
		{A1234567-89AB-CDEF-0123-456789ABCDEF}.Release|x86.Build.0 = Release|Any CPU
		{B2345678-9ABC-DEF0-1234-56789ABCDEF0}.Debug|Any CPU.ActiveCfg = Debug|Any CPU
		{B2345678-9ABC-DEF0-1234-56789ABCDEF0}.Debug|Any CPU.Build.0 = Debug|Any CPU
		{B2345678-9ABC-DEF0-1234-56789ABCDEF0}.Debug|x64.ActiveCfg = Debug|Any CPU
		{B2345678-9ABC-DEF0-1234-56789ABCDEF0}.Debug|x64.Build.0 = Debug|Any CPU
		{B2345678-9ABC-DEF0-1234-56789ABCDEF0}.Debug|x86.ActiveCfg = Debug|Any CPU
		{B2345678-9ABC-DEF0-1234-56789ABCDEF0}.Debug|x86.Build.0 = Debug|Any CPU
		{B2345678-9ABC-DEF0-1234-56789ABCDEF0}.Release|Any CPU.ActiveCfg = Release|Any CPU
		{B2345678-9ABC-DEF0-1234-56789ABCDEF0}.Release|Any CPU.Build.0 = Release|Any CPU
		{B2345678-9ABC-DEF0-1234-56789ABCDEF0}.Release|x64.ActiveCfg = Release|Any CPU
		{B2345678-9ABC-DEF0-1234-56789ABCDEF0}.Release|x64.Build.0 = Release|Any CPU
		{B2345678-9ABC-DEF0-1234-56789ABCDEF0}.Release|x86.ActiveCfg = Release|Any CPU
		{B2345678-9ABC-DEF0-1234-56789ABCDEF0}.Release|x86.Build.0 = Release|Any CPU
		{C3456789-ABCD-EF01-2345-6789ABCDEF01}.Debug|Any CPU.ActiveCfg = Debug|Any CPU
		{C3456789-ABCD-EF01-2345-6789ABCDEF01}.Debug|Any CPU.Build.0 = Debug|Any CPU
		{C3456789-ABCD-EF01-2345-6789ABCDEF01}.Debug|x64.ActiveCfg = Debug|Any CPU
		{C3456789-ABCD-EF01-2345-6789ABCDEF01}.Debug|x64.Build.0 = Debug|Any CPU
		{C3456789-ABCD-EF01-2345-6789ABCDEF01}.Debug|x86.ActiveCfg = Debug|Any CPU
		{C3456789-ABCD-EF01-2345-6789ABCDEF01}.Debug|x86.Build.0 = Debug|Any CPU
		{C3456789-ABCD-EF01-2345-6789ABCDEF01}.Release|Any CPU.ActiveCfg = Release|Any CPU
		{C3456789-ABCD-EF01-2345-6789ABCDEF01}.Release|Any CPU.Build.0 = Release|Any CPU
		{C3456789-ABCD-EF01-2345-6789ABCDEF01}.Release|x64.ActiveCfg = Release|Any CPU
		{C3456789-ABCD-EF01-2345-6789ABCDEF01}.Release|x64.Build.0 = Release|Any CPU
		{C3456789-ABCD-EF01-2345-6789ABCDEF01}.Release|x86.ActiveCfg = Release|Any CPU
		{C3456789-ABCD-EF01-2345-6789ABCDEF01}.Release|x86.Build.0 = Release|Any CPU
		{D4567890-BCDE-F012-3456-789ABCDEF012}.Debug|Any CPU.ActiveCfg = Debug|Any CPU
		{D4567890-BCDE-F012-3456-789ABCDEF012}.Debug|Any CPU.Build.0 = Debug|Any CPU
		{D4567890-BCDE-F012-3456-789ABCDEF012}.Debug|x64.ActiveCfg = Debug|Any CPU
		{D4567890-BCDE-F012-3456-789ABCDEF012}.Debug|x64.Build.0 = Debug|Any CPU
		{D4567890-BCDE-F012-3456-789ABCDEF012}.Debug|x86.ActiveCfg = Debug|Any CPU
		{D4567890-BCDE-F012-3456-789ABCDEF012}.Debug|x86.Build.0 = Debug|Any CPU
		{D4567890-BCDE-F012-3456-789ABCDEF012}.Release|Any CPU.ActiveCfg = Release|Any CPU
		{D4567890-BCDE-F012-3456-789ABCDEF012}.Release|Any CPU.Build.0 = Release|Any CPU
		{D4567890-BCDE-F012-3456-789ABCDEF012}.Release|x64.ActiveCfg = Release|Any CPU
		{D4567890-BCDE-F012-3456-789ABCDEF012}.Release|x64.Build.0 = Release|Any CPU
		{D4567890-BCDE-F012-3456-789ABCDEF012}.Release|x86.ActiveCfg = Release|Any CPU
		{D4567890-BCDE-F012-3456-789ABCDEF012}.Release|x86.Build.0 = Release|Any CPU
		{E5678901-CDEF-0123-4567-89ABCDEF0123}.Debug|Any CPU.ActiveCfg = Debug|Any CPU
		{E5678901-CDEF-0123-4567-89ABCDEF0123}.Debug|Any CPU.Build.0 = Debug|Any CPU
		{E5678901-CDEF-0123-4567-89ABCDEF0123}.Debug|x64.ActiveCfg = Debug|Any CPU
		{E5678901-CDEF-0123-4567-89ABCDEF0123}.Debug|x64.Build.0 = Debug|Any CPU
		{E5678901-CDEF-0123-4567-89ABCDEF0123}.Debug|x86.ActiveCfg = Debug|Any CPU
		{E5678901-CDEF-0123-4567-89ABCDEF0123}.Debug|x86.Build.0 = Debug|Any CPU
		{E5678901-CDEF-0123-4567-89ABCDEF0123}.Release|Any CPU.ActiveCfg = Release|Any CPU
		{E5678901-CDEF-0123-4567-89ABCDEF0123}.Release|Any CPU.Build.0 = Release|Any CPU
		{E5678901-CDEF-0123-4567-89ABCDEF0123}.Release|x64.ActiveCfg = Release|Any CPU
		{E5678901-CDEF-0123-4567-89ABCDEF0123}.Release|x64.Build.0 = Release|Any CPU
		{E5678901-CDEF-0123-4567-89ABCDEF0123}.Release|x86.ActiveCfg = Release|Any CPU
		{E5678901-CDEF-0123-4567-89ABCDEF0123}.Release|x86.Build.0 = Release|Any CPU
		{F6789012-DEF0-1234-5678-9ABCDEF01234}.Debug|Any CPU.ActiveCfg = Debug|Any CPU
		{F6789012-DEF0-1234-5678-9ABCDEF01234}.Debug|Any CPU.Build.0 = Debug|Any CPU
		{F6789012-DEF0-1234-5678-9ABCDEF01234}.Debug|x64.ActiveCfg = Debug|Any CPU
		{F6789012-DEF0-1234-5678-9ABCDEF01234}.Debug|x64.Build.0 = Debug|Any CPU
		{F6789012-DEF0-1234-5678-9ABCDEF01234}.Debug|x86.ActiveCfg = Debug|Any CPU
		{F6789012-DEF0-1234-5678-9ABCDEF01234}.Debug|x86.Build.0 = Debug|Any CPU
		{F6789012-DEF0-1234-5678-9ABCDEF01234}.Release|Any CPU.ActiveCfg = Release|Any CPU
		{F6789012-DEF0-1234-5678-9ABCDEF01234}.Release|Any CPU.Build.0 = Release|Any CPU
		{F6789012-DEF0-1234-5678-9ABCDEF01234}.Release|x64.ActiveCfg = Release|Any CPU
		{F6789012-DEF0-1234-5678-9ABCDEF01234}.Release|x64.Build.0 = Release|Any CPU
		{F6789012-DEF0-1234-5678-9ABCDEF01234}.Release|x86.ActiveCfg = Release|Any CPU
		{F6789012-DEF0-1234-5678-9ABCDEF01234}.Release|x86.Build.0 = Release|Any CPU
		{10890123-EF01-2345-6789-ABCDEF012345}.Debug|Any CPU.ActiveCfg = Debug|Any CPU
		{10890123-EF01-2345-6789-ABCDEF012345}.Debug|Any CPU.Build.0 = Debug|Any CPU
		{10890123-EF01-2345-6789-ABCDEF012345}.Debug|x64.ActiveCfg = Debug|Any CPU
		{10890123-EF01-2345-6789-ABCDEF012345}.Debug|x64.Build.0 = Debug|Any CPU
		{10890123-EF01-2345-6789-ABCDEF012345}.Debug|x86.ActiveCfg = Debug|Any CPU
		{10890123-EF01-2345-6789-ABCDEF012345}.Debug|x86.Build.0 = Debug|Any CPU
		{10890123-EF01-2345-6789-ABCDEF012345}.Release|Any CPU.ActiveCfg = Release|Any CPU
		{10890123-EF01-2345-6789-ABCDEF012345}.Release|Any CPU.Build.0 = Release|Any CPU
		{10890123-EF01-2345-6789-ABCDEF012345}.Release|x64.ActiveCfg = Release|Any CPU
		{10890123-EF01-2345-6789-ABCDEF012345}.Release|x64.Build.0 = Release|Any CPU
		{10890123-EF01-2345-6789-ABCDEF012345}.Release|x86.ActiveCfg = Release|Any CPU
		{10890123-EF01-2345-6789-ABCDEF012345}.Release|x86.Build.0 = Release|Any CPU
		{11901234-EF02-3456-789A-BCDEF1234567}.Debug|Any CPU.ActiveCfg = Debug|Any CPU
		{11901234-EF02-3456-789A-BCDEF1234567}.Debug|Any CPU.Build.0 = Debug|Any CPU
		{11901234-EF02-3456-789A-BCDEF1234567}.Debug|x64.ActiveCfg = Debug|Any CPU
		{11901234-EF02-3456-789A-BCDEF1234567}.Debug|x64.Build.0 = Debug|Any CPU
		{11901234-EF02-3456-789A-BCDEF1234567}.Debug|x86.ActiveCfg = Debug|Any CPU
		{11901234-EF02-3456-789A-BCDEF1234567}.Debug|x86.Build.0 = Debug|Any CPU
		{11901234-EF02-3456-789A-BCDEF1234567}.Release|Any CPU.ActiveCfg = Release|Any CPU
		{11901234-EF02-3456-789A-BCDEF1234567}.Release|Any CPU.Build.0 = Release|Any CPU
		{11901234-EF02-3456-789A-BCDEF1234567}.Release|x64.ActiveCfg = Release|Any CPU
		{11901234-EF02-3456-789A-BCDEF1234567}.Release|x64.Build.0 = Release|Any CPU
		{11901234-EF02-3456-789A-BCDEF1234567}.Release|x86.ActiveCfg = Release|Any CPU
		{11901234-EF02-3456-789A-BCDEF1234567}.Release|x86.Build.0 = Release|Any CPU
		{21901234-F012-3456-789A-BCDEF0123456}.Debug|Any CPU.ActiveCfg = Debug|Any CPU
		{21901234-F012-3456-789A-BCDEF0123456}.Debug|Any CPU.Build.0 = Debug|Any CPU
		{21901234-F012-3456-789A-BCDEF0123456}.Debug|x64.ActiveCfg = Debug|Any CPU
		{21901234-F012-3456-789A-BCDEF0123456}.Debug|x64.Build.0 = Debug|Any CPU
		{21901234-F012-3456-789A-BCDEF0123456}.Debug|x86.ActiveCfg = Debug|Any CPU
		{21901234-F012-3456-789A-BCDEF0123456}.Debug|x86.Build.0 = Debug|Any CPU
		{21901234-F012-3456-789A-BCDEF0123456}.Release|Any CPU.ActiveCfg = Release|Any CPU
		{21901234-F012-3456-789A-BCDEF0123456}.Release|Any CPU.Build.0 = Release|Any CPU
		{21901234-F012-3456-789A-BCDEF0123456}.Release|x64.ActiveCfg = Release|Any CPU
		{21901234-F012-3456-789A-BCDEF0123456}.Release|x64.Build.0 = Release|Any CPU
		{21901234-F012-3456-789A-BCDEF0123456}.Release|x86.ActiveCfg = Release|Any CPU
		{21901234-F012-3456-789A-BCDEF0123456}.Release|x86.Build.0 = Release|Any CPU
		{32012345-0123-4567-89AB-CDEF01234567}.Debug|Any CPU.ActiveCfg = Debug|Any CPU
		{32012345-0123-4567-89AB-CDEF01234567}.Debug|Any CPU.Build.0 = Debug|Any CPU
		{32012345-0123-4567-89AB-CDEF01234567}.Debug|x64.ActiveCfg = Debug|Any CPU
		{32012345-0123-4567-89AB-CDEF01234567}.Debug|x64.Build.0 = Debug|Any CPU
		{32012345-0123-4567-89AB-CDEF01234567}.Debug|x86.ActiveCfg = Debug|Any CPU
		{32012345-0123-4567-89AB-CDEF01234567}.Debug|x86.Build.0 = Debug|Any CPU
		{32012345-0123-4567-89AB-CDEF01234567}.Release|Any CPU.ActiveCfg = Release|Any CPU
		{32012345-0123-4567-89AB-CDEF01234567}.Release|Any CPU.Build.0 = Release|Any CPU
		{32012345-0123-4567-89AB-CDEF01234567}.Release|x64.ActiveCfg = Release|Any CPU
		{32012345-0123-4567-89AB-CDEF01234567}.Release|x64.Build.0 = Release|Any CPU
		{32012345-0123-4567-89AB-CDEF01234567}.Release|x86.ActiveCfg = Release|Any CPU
		{32012345-0123-4567-89AB-CDEF01234567}.Release|x86.Build.0 = Release|Any CPU
		{139FA523-CAF0-4EE4-8C5F-C4AE417473A5}.Debug|Any CPU.ActiveCfg = Debug|Any CPU
		{139FA523-CAF0-4EE4-8C5F-C4AE417473A5}.Debug|Any CPU.Build.0 = Debug|Any CPU
		{139FA523-CAF0-4EE4-8C5F-C4AE417473A5}.Debug|x64.ActiveCfg = Debug|Any CPU
		{139FA523-CAF0-4EE4-8C5F-C4AE417473A5}.Debug|x64.Build.0 = Debug|Any CPU
		{139FA523-CAF0-4EE4-8C5F-C4AE417473A5}.Debug|x86.ActiveCfg = Debug|Any CPU
		{139FA523-CAF0-4EE4-8C5F-C4AE417473A5}.Debug|x86.Build.0 = Debug|Any CPU
		{139FA523-CAF0-4EE4-8C5F-C4AE417473A5}.Release|Any CPU.ActiveCfg = Release|Any CPU
		{139FA523-CAF0-4EE4-8C5F-C4AE417473A5}.Release|Any CPU.Build.0 = Release|Any CPU
		{139FA523-CAF0-4EE4-8C5F-C4AE417473A5}.Release|x64.ActiveCfg = Release|Any CPU
		{139FA523-CAF0-4EE4-8C5F-C4AE417473A5}.Release|x64.Build.0 = Release|Any CPU
		{139FA523-CAF0-4EE4-8C5F-C4AE417473A5}.Release|x86.ActiveCfg = Release|Any CPU
		{139FA523-CAF0-4EE4-8C5F-C4AE417473A5}.Release|x86.Build.0 = Release|Any CPU
		{980DE681-BBA8-481A-A3AE-42D0918E079B}.Debug|Any CPU.ActiveCfg = Debug|Any CPU
		{980DE681-BBA8-481A-A3AE-42D0918E079B}.Debug|Any CPU.Build.0 = Debug|Any CPU
		{980DE681-BBA8-481A-A3AE-42D0918E079B}.Debug|x64.ActiveCfg = Debug|Any CPU
		{980DE681-BBA8-481A-A3AE-42D0918E079B}.Debug|x64.Build.0 = Debug|Any CPU
		{980DE681-BBA8-481A-A3AE-42D0918E079B}.Debug|x86.ActiveCfg = Debug|Any CPU
		{980DE681-BBA8-481A-A3AE-42D0918E079B}.Debug|x86.Build.0 = Debug|Any CPU
		{980DE681-BBA8-481A-A3AE-42D0918E079B}.Release|Any CPU.ActiveCfg = Release|Any CPU
		{980DE681-BBA8-481A-A3AE-42D0918E079B}.Release|Any CPU.Build.0 = Release|Any CPU
		{980DE681-BBA8-481A-A3AE-42D0918E079B}.Release|x64.ActiveCfg = Release|Any CPU
		{980DE681-BBA8-481A-A3AE-42D0918E079B}.Release|x64.Build.0 = Release|Any CPU
		{980DE681-BBA8-481A-A3AE-42D0918E079B}.Release|x86.ActiveCfg = Release|Any CPU
		{980DE681-BBA8-481A-A3AE-42D0918E079B}.Release|x86.Build.0 = Release|Any CPU
		{5035EAAB-C8E2-45E1-8DEB-66C3CDBAA5DB}.Debug|Any CPU.ActiveCfg = Debug|Any CPU
		{5035EAAB-C8E2-45E1-8DEB-66C3CDBAA5DB}.Debug|Any CPU.Build.0 = Debug|Any CPU
		{5035EAAB-C8E2-45E1-8DEB-66C3CDBAA5DB}.Debug|x64.ActiveCfg = Debug|Any CPU
		{5035EAAB-C8E2-45E1-8DEB-66C3CDBAA5DB}.Debug|x64.Build.0 = Debug|Any CPU
		{5035EAAB-C8E2-45E1-8DEB-66C3CDBAA5DB}.Debug|x86.ActiveCfg = Debug|Any CPU
		{5035EAAB-C8E2-45E1-8DEB-66C3CDBAA5DB}.Debug|x86.Build.0 = Debug|Any CPU
		{5035EAAB-C8E2-45E1-8DEB-66C3CDBAA5DB}.Release|Any CPU.ActiveCfg = Release|Any CPU
		{5035EAAB-C8E2-45E1-8DEB-66C3CDBAA5DB}.Release|Any CPU.Build.0 = Release|Any CPU
		{5035EAAB-C8E2-45E1-8DEB-66C3CDBAA5DB}.Release|x64.ActiveCfg = Release|Any CPU
		{5035EAAB-C8E2-45E1-8DEB-66C3CDBAA5DB}.Release|x64.Build.0 = Release|Any CPU
		{5035EAAB-C8E2-45E1-8DEB-66C3CDBAA5DB}.Release|x86.ActiveCfg = Release|Any CPU
		{5035EAAB-C8E2-45E1-8DEB-66C3CDBAA5DB}.Release|x86.Build.0 = Release|Any CPU
		{B20C7BE9-8BFB-46F0-883D-BE29861114DA}.Debug|Any CPU.ActiveCfg = Debug|Any CPU
		{B20C7BE9-8BFB-46F0-883D-BE29861114DA}.Debug|Any CPU.Build.0 = Debug|Any CPU
		{B20C7BE9-8BFB-46F0-883D-BE29861114DA}.Debug|x64.ActiveCfg = Debug|Any CPU
		{B20C7BE9-8BFB-46F0-883D-BE29861114DA}.Debug|x64.Build.0 = Debug|Any CPU
		{B20C7BE9-8BFB-46F0-883D-BE29861114DA}.Debug|x86.ActiveCfg = Debug|Any CPU
		{B20C7BE9-8BFB-46F0-883D-BE29861114DA}.Debug|x86.Build.0 = Debug|Any CPU
		{B20C7BE9-8BFB-46F0-883D-BE29861114DA}.Release|Any CPU.ActiveCfg = Release|Any CPU
		{B20C7BE9-8BFB-46F0-883D-BE29861114DA}.Release|Any CPU.Build.0 = Release|Any CPU
		{B20C7BE9-8BFB-46F0-883D-BE29861114DA}.Release|x64.ActiveCfg = Release|Any CPU
		{B20C7BE9-8BFB-46F0-883D-BE29861114DA}.Release|x64.Build.0 = Release|Any CPU
		{B20C7BE9-8BFB-46F0-883D-BE29861114DA}.Release|x86.ActiveCfg = Release|Any CPU
		{B20C7BE9-8BFB-46F0-883D-BE29861114DA}.Release|x86.Build.0 = Release|Any CPU
		{E3DE301D-EE20-439D-865B-A13ADFF11332}.Debug|Any CPU.ActiveCfg = Debug|Any CPU
		{E3DE301D-EE20-439D-865B-A13ADFF11332}.Debug|Any CPU.Build.0 = Debug|Any CPU
		{E3DE301D-EE20-439D-865B-A13ADFF11332}.Debug|x64.ActiveCfg = Debug|Any CPU
		{E3DE301D-EE20-439D-865B-A13ADFF11332}.Debug|x64.Build.0 = Debug|Any CPU
		{E3DE301D-EE20-439D-865B-A13ADFF11332}.Debug|x86.ActiveCfg = Debug|Any CPU
		{E3DE301D-EE20-439D-865B-A13ADFF11332}.Debug|x86.Build.0 = Debug|Any CPU
		{E3DE301D-EE20-439D-865B-A13ADFF11332}.Release|Any CPU.ActiveCfg = Release|Any CPU
		{E3DE301D-EE20-439D-865B-A13ADFF11332}.Release|Any CPU.Build.0 = Release|Any CPU
		{E3DE301D-EE20-439D-865B-A13ADFF11332}.Release|x64.ActiveCfg = Release|Any CPU
		{E3DE301D-EE20-439D-865B-A13ADFF11332}.Release|x64.Build.0 = Release|Any CPU
		{E3DE301D-EE20-439D-865B-A13ADFF11332}.Release|x86.ActiveCfg = Release|Any CPU
		{E3DE301D-EE20-439D-865B-A13ADFF11332}.Release|x86.Build.0 = Release|Any CPU
		{211DA789-27EF-4339-A52F-79F87E3E36DA}.Debug|Any CPU.ActiveCfg = Debug|Any CPU
		{211DA789-27EF-4339-A52F-79F87E3E36DA}.Debug|Any CPU.Build.0 = Debug|Any CPU
		{211DA789-27EF-4339-A52F-79F87E3E36DA}.Debug|x64.ActiveCfg = Debug|Any CPU
		{211DA789-27EF-4339-A52F-79F87E3E36DA}.Debug|x64.Build.0 = Debug|Any CPU
		{211DA789-27EF-4339-A52F-79F87E3E36DA}.Debug|x86.ActiveCfg = Debug|Any CPU
		{211DA789-27EF-4339-A52F-79F87E3E36DA}.Debug|x86.Build.0 = Debug|Any CPU
		{211DA789-27EF-4339-A52F-79F87E3E36DA}.Release|Any CPU.ActiveCfg = Release|Any CPU
		{211DA789-27EF-4339-A52F-79F87E3E36DA}.Release|Any CPU.Build.0 = Release|Any CPU
		{211DA789-27EF-4339-A52F-79F87E3E36DA}.Release|x64.ActiveCfg = Release|Any CPU
		{211DA789-27EF-4339-A52F-79F87E3E36DA}.Release|x64.Build.0 = Release|Any CPU
		{211DA789-27EF-4339-A52F-79F87E3E36DA}.Release|x86.ActiveCfg = Release|Any CPU
		{211DA789-27EF-4339-A52F-79F87E3E36DA}.Release|x86.Build.0 = Release|Any CPU
		{8FF1199E-BABF-48F9-A0B2-1CCFAF57261B}.Debug|Any CPU.ActiveCfg = Debug|Any CPU
		{8FF1199E-BABF-48F9-A0B2-1CCFAF57261B}.Debug|Any CPU.Build.0 = Debug|Any CPU
		{8FF1199E-BABF-48F9-A0B2-1CCFAF57261B}.Debug|x64.ActiveCfg = Debug|Any CPU
		{8FF1199E-BABF-48F9-A0B2-1CCFAF57261B}.Debug|x64.Build.0 = Debug|Any CPU
		{8FF1199E-BABF-48F9-A0B2-1CCFAF57261B}.Debug|x86.ActiveCfg = Debug|Any CPU
		{8FF1199E-BABF-48F9-A0B2-1CCFAF57261B}.Debug|x86.Build.0 = Debug|Any CPU
		{8FF1199E-BABF-48F9-A0B2-1CCFAF57261B}.Release|Any CPU.ActiveCfg = Release|Any CPU
		{8FF1199E-BABF-48F9-A0B2-1CCFAF57261B}.Release|Any CPU.Build.0 = Release|Any CPU
		{8FF1199E-BABF-48F9-A0B2-1CCFAF57261B}.Release|x64.ActiveCfg = Release|Any CPU
		{8FF1199E-BABF-48F9-A0B2-1CCFAF57261B}.Release|x64.Build.0 = Release|Any CPU
		{8FF1199E-BABF-48F9-A0B2-1CCFAF57261B}.Release|x86.ActiveCfg = Release|Any CPU
		{8FF1199E-BABF-48F9-A0B2-1CCFAF57261B}.Release|x86.Build.0 = Release|Any CPU
		{5F96E107-560F-4082-A4EB-33B128836EC9}.Debug|Any CPU.ActiveCfg = Debug|Any CPU
		{5F96E107-560F-4082-A4EB-33B128836EC9}.Debug|Any CPU.Build.0 = Debug|Any CPU
		{5F96E107-560F-4082-A4EB-33B128836EC9}.Debug|x64.ActiveCfg = Debug|Any CPU
		{5F96E107-560F-4082-A4EB-33B128836EC9}.Debug|x64.Build.0 = Debug|Any CPU
		{5F96E107-560F-4082-A4EB-33B128836EC9}.Debug|x86.ActiveCfg = Debug|Any CPU
		{5F96E107-560F-4082-A4EB-33B128836EC9}.Debug|x86.Build.0 = Debug|Any CPU
		{5F96E107-560F-4082-A4EB-33B128836EC9}.Release|Any CPU.ActiveCfg = Release|Any CPU
		{5F96E107-560F-4082-A4EB-33B128836EC9}.Release|Any CPU.Build.0 = Release|Any CPU
		{5F96E107-560F-4082-A4EB-33B128836EC9}.Release|x64.ActiveCfg = Release|Any CPU
		{5F96E107-560F-4082-A4EB-33B128836EC9}.Release|x64.Build.0 = Release|Any CPU
		{5F96E107-560F-4082-A4EB-33B128836EC9}.Release|x86.ActiveCfg = Release|Any CPU
		{5F96E107-560F-4082-A4EB-33B128836EC9}.Release|x86.Build.0 = Release|Any CPU
		{755E6E0D-44E4-47C5-A677-DAD12A61BD8A}.Debug|Any CPU.ActiveCfg = Debug|Any CPU
		{755E6E0D-44E4-47C5-A677-DAD12A61BD8A}.Debug|Any CPU.Build.0 = Debug|Any CPU
		{755E6E0D-44E4-47C5-A677-DAD12A61BD8A}.Debug|x64.ActiveCfg = Debug|Any CPU
		{755E6E0D-44E4-47C5-A677-DAD12A61BD8A}.Debug|x64.Build.0 = Debug|Any CPU
		{755E6E0D-44E4-47C5-A677-DAD12A61BD8A}.Debug|x86.ActiveCfg = Debug|Any CPU
		{755E6E0D-44E4-47C5-A677-DAD12A61BD8A}.Debug|x86.Build.0 = Debug|Any CPU
		{755E6E0D-44E4-47C5-A677-DAD12A61BD8A}.Release|Any CPU.ActiveCfg = Release|Any CPU
		{755E6E0D-44E4-47C5-A677-DAD12A61BD8A}.Release|Any CPU.Build.0 = Release|Any CPU
		{755E6E0D-44E4-47C5-A677-DAD12A61BD8A}.Release|x64.ActiveCfg = Release|Any CPU
		{755E6E0D-44E4-47C5-A677-DAD12A61BD8A}.Release|x64.Build.0 = Release|Any CPU
		{755E6E0D-44E4-47C5-A677-DAD12A61BD8A}.Release|x86.ActiveCfg = Release|Any CPU
		{755E6E0D-44E4-47C5-A677-DAD12A61BD8A}.Release|x86.Build.0 = Release|Any CPU
		{C8B439DF-C2FA-4966-845C-947E96D400CB}.Debug|Any CPU.ActiveCfg = Debug|Any CPU
		{C8B439DF-C2FA-4966-845C-947E96D400CB}.Debug|Any CPU.Build.0 = Debug|Any CPU
		{C8B439DF-C2FA-4966-845C-947E96D400CB}.Debug|x64.ActiveCfg = Debug|Any CPU
		{C8B439DF-C2FA-4966-845C-947E96D400CB}.Debug|x64.Build.0 = Debug|Any CPU
		{C8B439DF-C2FA-4966-845C-947E96D400CB}.Debug|x86.ActiveCfg = Debug|Any CPU
		{C8B439DF-C2FA-4966-845C-947E96D400CB}.Debug|x86.Build.0 = Debug|Any CPU
		{C8B439DF-C2FA-4966-845C-947E96D400CB}.Release|Any CPU.ActiveCfg = Release|Any CPU
		{C8B439DF-C2FA-4966-845C-947E96D400CB}.Release|Any CPU.Build.0 = Release|Any CPU
		{C8B439DF-C2FA-4966-845C-947E96D400CB}.Release|x64.ActiveCfg = Release|Any CPU
		{C8B439DF-C2FA-4966-845C-947E96D400CB}.Release|x64.Build.0 = Release|Any CPU
		{C8B439DF-C2FA-4966-845C-947E96D400CB}.Release|x86.ActiveCfg = Release|Any CPU
		{C8B439DF-C2FA-4966-845C-947E96D400CB}.Release|x86.Build.0 = Release|Any CPU
		{5068BD0E-6348-4A13-AE87-346A55BFB834}.Debug|Any CPU.ActiveCfg = Debug|Any CPU
		{5068BD0E-6348-4A13-AE87-346A55BFB834}.Debug|Any CPU.Build.0 = Debug|Any CPU
		{5068BD0E-6348-4A13-AE87-346A55BFB834}.Debug|x64.ActiveCfg = Debug|Any CPU
		{5068BD0E-6348-4A13-AE87-346A55BFB834}.Debug|x64.Build.0 = Debug|Any CPU
		{5068BD0E-6348-4A13-AE87-346A55BFB834}.Debug|x86.ActiveCfg = Debug|Any CPU
		{5068BD0E-6348-4A13-AE87-346A55BFB834}.Debug|x86.Build.0 = Debug|Any CPU
		{5068BD0E-6348-4A13-AE87-346A55BFB834}.Release|Any CPU.ActiveCfg = Release|Any CPU
		{5068BD0E-6348-4A13-AE87-346A55BFB834}.Release|Any CPU.Build.0 = Release|Any CPU
		{5068BD0E-6348-4A13-AE87-346A55BFB834}.Release|x64.ActiveCfg = Release|Any CPU
		{5068BD0E-6348-4A13-AE87-346A55BFB834}.Release|x64.Build.0 = Release|Any CPU
		{5068BD0E-6348-4A13-AE87-346A55BFB834}.Release|x86.ActiveCfg = Release|Any CPU
		{5068BD0E-6348-4A13-AE87-346A55BFB834}.Release|x86.Build.0 = Release|Any CPU
		{DB666BA2-1464-4C0D-85FD-E55D2FF90C4F}.Debug|Any CPU.ActiveCfg = Debug|Any CPU
		{DB666BA2-1464-4C0D-85FD-E55D2FF90C4F}.Debug|Any CPU.Build.0 = Debug|Any CPU
		{DB666BA2-1464-4C0D-85FD-E55D2FF90C4F}.Debug|x64.ActiveCfg = Debug|Any CPU
		{DB666BA2-1464-4C0D-85FD-E55D2FF90C4F}.Debug|x64.Build.0 = Debug|Any CPU
		{DB666BA2-1464-4C0D-85FD-E55D2FF90C4F}.Debug|x86.ActiveCfg = Debug|Any CPU
		{DB666BA2-1464-4C0D-85FD-E55D2FF90C4F}.Debug|x86.Build.0 = Debug|Any CPU
		{DB666BA2-1464-4C0D-85FD-E55D2FF90C4F}.Release|Any CPU.ActiveCfg = Release|Any CPU
		{DB666BA2-1464-4C0D-85FD-E55D2FF90C4F}.Release|Any CPU.Build.0 = Release|Any CPU
		{DB666BA2-1464-4C0D-85FD-E55D2FF90C4F}.Release|x64.ActiveCfg = Release|Any CPU
		{DB666BA2-1464-4C0D-85FD-E55D2FF90C4F}.Release|x64.Build.0 = Release|Any CPU
		{DB666BA2-1464-4C0D-85FD-E55D2FF90C4F}.Release|x86.ActiveCfg = Release|Any CPU
		{DB666BA2-1464-4C0D-85FD-E55D2FF90C4F}.Release|x86.Build.0 = Release|Any CPU
		{D0283AF8-EFA7-4322-9691-31DF1BF66EFA}.Debug|Any CPU.ActiveCfg = Debug|Any CPU
		{D0283AF8-EFA7-4322-9691-31DF1BF66EFA}.Debug|Any CPU.Build.0 = Debug|Any CPU
		{D0283AF8-EFA7-4322-9691-31DF1BF66EFA}.Debug|x64.ActiveCfg = Debug|Any CPU
		{D0283AF8-EFA7-4322-9691-31DF1BF66EFA}.Debug|x64.Build.0 = Debug|Any CPU
		{D0283AF8-EFA7-4322-9691-31DF1BF66EFA}.Debug|x86.ActiveCfg = Debug|Any CPU
		{D0283AF8-EFA7-4322-9691-31DF1BF66EFA}.Debug|x86.Build.0 = Debug|Any CPU
		{D0283AF8-EFA7-4322-9691-31DF1BF66EFA}.Release|Any CPU.ActiveCfg = Release|Any CPU
		{D0283AF8-EFA7-4322-9691-31DF1BF66EFA}.Release|Any CPU.Build.0 = Release|Any CPU
		{D0283AF8-EFA7-4322-9691-31DF1BF66EFA}.Release|x64.ActiveCfg = Release|Any CPU
		{D0283AF8-EFA7-4322-9691-31DF1BF66EFA}.Release|x64.Build.0 = Release|Any CPU
		{D0283AF8-EFA7-4322-9691-31DF1BF66EFA}.Release|x86.ActiveCfg = Release|Any CPU
		{D0283AF8-EFA7-4322-9691-31DF1BF66EFA}.Release|x86.Build.0 = Release|Any CPU
		{9A17EFEF-5061-4FF1-B031-5547B4978FD6}.Debug|Any CPU.ActiveCfg = Debug|Any CPU
		{9A17EFEF-5061-4FF1-B031-5547B4978FD6}.Debug|Any CPU.Build.0 = Debug|Any CPU
		{9A17EFEF-5061-4FF1-B031-5547B4978FD6}.Debug|x64.ActiveCfg = Debug|Any CPU
		{9A17EFEF-5061-4FF1-B031-5547B4978FD6}.Debug|x64.Build.0 = Debug|Any CPU
		{9A17EFEF-5061-4FF1-B031-5547B4978FD6}.Debug|x86.ActiveCfg = Debug|Any CPU
		{9A17EFEF-5061-4FF1-B031-5547B4978FD6}.Debug|x86.Build.0 = Debug|Any CPU
		{9A17EFEF-5061-4FF1-B031-5547B4978FD6}.Release|Any CPU.ActiveCfg = Release|Any CPU
		{9A17EFEF-5061-4FF1-B031-5547B4978FD6}.Release|Any CPU.Build.0 = Release|Any CPU
		{9A17EFEF-5061-4FF1-B031-5547B4978FD6}.Release|x64.ActiveCfg = Release|Any CPU
		{9A17EFEF-5061-4FF1-B031-5547B4978FD6}.Release|x64.Build.0 = Release|Any CPU
		{9A17EFEF-5061-4FF1-B031-5547B4978FD6}.Release|x86.ActiveCfg = Release|Any CPU
		{9A17EFEF-5061-4FF1-B031-5547B4978FD6}.Release|x86.Build.0 = Release|Any CPU
		{5C2D6E22-D0DC-4A95-A66B-5499B852A4BB}.Debug|Any CPU.ActiveCfg = Debug|Any CPU
		{5C2D6E22-D0DC-4A95-A66B-5499B852A4BB}.Debug|Any CPU.Build.0 = Debug|Any CPU
		{5C2D6E22-D0DC-4A95-A66B-5499B852A4BB}.Debug|x64.ActiveCfg = Debug|Any CPU
		{5C2D6E22-D0DC-4A95-A66B-5499B852A4BB}.Debug|x64.Build.0 = Debug|Any CPU
		{5C2D6E22-D0DC-4A95-A66B-5499B852A4BB}.Debug|x86.ActiveCfg = Debug|Any CPU
		{5C2D6E22-D0DC-4A95-A66B-5499B852A4BB}.Debug|x86.Build.0 = Debug|Any CPU
		{5C2D6E22-D0DC-4A95-A66B-5499B852A4BB}.Release|Any CPU.ActiveCfg = Release|Any CPU
		{5C2D6E22-D0DC-4A95-A66B-5499B852A4BB}.Release|Any CPU.Build.0 = Release|Any CPU
		{5C2D6E22-D0DC-4A95-A66B-5499B852A4BB}.Release|x64.ActiveCfg = Release|Any CPU
		{5C2D6E22-D0DC-4A95-A66B-5499B852A4BB}.Release|x64.Build.0 = Release|Any CPU
		{5C2D6E22-D0DC-4A95-A66B-5499B852A4BB}.Release|x86.ActiveCfg = Release|Any CPU
		{5C2D6E22-D0DC-4A95-A66B-5499B852A4BB}.Release|x86.Build.0 = Release|Any CPU
		{9D7E3F45-B1C2-4D8E-A3F6-7C8B9D0E1F2A}.Debug|Any CPU.ActiveCfg = Debug|Any CPU
		{9D7E3F45-B1C2-4D8E-A3F6-7C8B9D0E1F2A}.Debug|Any CPU.Build.0 = Debug|Any CPU
		{9D7E3F45-B1C2-4D8E-A3F6-7C8B9D0E1F2A}.Debug|x64.ActiveCfg = Debug|Any CPU
		{9D7E3F45-B1C2-4D8E-A3F6-7C8B9D0E1F2A}.Debug|x64.Build.0 = Debug|Any CPU
		{9D7E3F45-B1C2-4D8E-A3F6-7C8B9D0E1F2A}.Debug|x86.ActiveCfg = Debug|Any CPU
		{9D7E3F45-B1C2-4D8E-A3F6-7C8B9D0E1F2A}.Debug|x86.Build.0 = Debug|Any CPU
		{9D7E3F45-B1C2-4D8E-A3F6-7C8B9D0E1F2A}.Release|Any CPU.ActiveCfg = Release|Any CPU
		{9D7E3F45-B1C2-4D8E-A3F6-7C8B9D0E1F2A}.Release|Any CPU.Build.0 = Release|Any CPU
		{9D7E3F45-B1C2-4D8E-A3F6-7C8B9D0E1F2A}.Release|x64.ActiveCfg = Release|Any CPU
		{9D7E3F45-B1C2-4D8E-A3F6-7C8B9D0E1F2A}.Release|x64.Build.0 = Release|Any CPU
		{9D7E3F45-B1C2-4D8E-A3F6-7C8B9D0E1F2A}.Release|x86.ActiveCfg = Release|Any CPU
		{9D7E3F45-B1C2-4D8E-A3F6-7C8B9D0E1F2A}.Release|x86.Build.0 = Release|Any CPU
		{8E6D4C3B-A9F1-4E2D-B7A8-6C5D9E0F1A3B}.Debug|Any CPU.ActiveCfg = Debug|Any CPU
		{8E6D4C3B-A9F1-4E2D-B7A8-6C5D9E0F1A3B}.Debug|Any CPU.Build.0 = Debug|Any CPU
		{8E6D4C3B-A9F1-4E2D-B7A8-6C5D9E0F1A3B}.Debug|x64.ActiveCfg = Debug|Any CPU
		{8E6D4C3B-A9F1-4E2D-B7A8-6C5D9E0F1A3B}.Debug|x64.Build.0 = Debug|Any CPU
		{8E6D4C3B-A9F1-4E2D-B7A8-6C5D9E0F1A3B}.Debug|x86.ActiveCfg = Debug|Any CPU
		{8E6D4C3B-A9F1-4E2D-B7A8-6C5D9E0F1A3B}.Debug|x86.Build.0 = Debug|Any CPU
		{8E6D4C3B-A9F1-4E2D-B7A8-6C5D9E0F1A3B}.Release|Any CPU.ActiveCfg = Release|Any CPU
		{8E6D4C3B-A9F1-4E2D-B7A8-6C5D9E0F1A3B}.Release|Any CPU.Build.0 = Release|Any CPU
		{8E6D4C3B-A9F1-4E2D-B7A8-6C5D9E0F1A3B}.Release|x64.ActiveCfg = Release|Any CPU
		{8E6D4C3B-A9F1-4E2D-B7A8-6C5D9E0F1A3B}.Release|x64.Build.0 = Release|Any CPU
		{8E6D4C3B-A9F1-4E2D-B7A8-6C5D9E0F1A3B}.Release|x86.ActiveCfg = Release|Any CPU
		{8E6D4C3B-A9F1-4E2D-B7A8-6C5D9E0F1A3B}.Release|x86.Build.0 = Release|Any CPU
		{28AF8097-C8C2-4918-B9F5-24AA24126442}.Debug|Any CPU.ActiveCfg = Debug|Any CPU
		{28AF8097-C8C2-4918-B9F5-24AA24126442}.Debug|Any CPU.Build.0 = Debug|Any CPU
		{28AF8097-C8C2-4918-B9F5-24AA24126442}.Debug|x64.ActiveCfg = Debug|Any CPU
		{28AF8097-C8C2-4918-B9F5-24AA24126442}.Debug|x64.Build.0 = Debug|Any CPU
		{28AF8097-C8C2-4918-B9F5-24AA24126442}.Debug|x86.ActiveCfg = Debug|Any CPU
		{28AF8097-C8C2-4918-B9F5-24AA24126442}.Debug|x86.Build.0 = Debug|Any CPU
		{28AF8097-C8C2-4918-B9F5-24AA24126442}.Release|Any CPU.ActiveCfg = Release|Any CPU
		{28AF8097-C8C2-4918-B9F5-24AA24126442}.Release|Any CPU.Build.0 = Release|Any CPU
		{28AF8097-C8C2-4918-B9F5-24AA24126442}.Release|x64.ActiveCfg = Release|Any CPU
		{28AF8097-C8C2-4918-B9F5-24AA24126442}.Release|x64.Build.0 = Release|Any CPU
		{28AF8097-C8C2-4918-B9F5-24AA24126442}.Release|x86.ActiveCfg = Release|Any CPU
		{28AF8097-C8C2-4918-B9F5-24AA24126442}.Release|x86.Build.0 = Release|Any CPU
		{39BF9108-D9D3-5A29-C0A6-35BB35237553}.Debug|Any CPU.ActiveCfg = Debug|Any CPU
		{39BF9108-D9D3-5A29-C0A6-35BB35237553}.Debug|Any CPU.Build.0 = Debug|Any CPU
		{39BF9108-D9D3-5A29-C0A6-35BB35237553}.Debug|x64.ActiveCfg = Debug|Any CPU
		{39BF9108-D9D3-5A29-C0A6-35BB35237553}.Debug|x64.Build.0 = Debug|Any CPU
		{39BF9108-D9D3-5A29-C0A6-35BB35237553}.Debug|x86.ActiveCfg = Debug|Any CPU
		{39BF9108-D9D3-5A29-C0A6-35BB35237553}.Debug|x86.Build.0 = Debug|Any CPU
		{39BF9108-D9D3-5A29-C0A6-35BB35237553}.Release|Any CPU.ActiveCfg = Release|Any CPU
		{39BF9108-D9D3-5A29-C0A6-35BB35237553}.Release|Any CPU.Build.0 = Release|Any CPU
		{39BF9108-D9D3-5A29-C0A6-35BB35237553}.Release|x64.ActiveCfg = Release|Any CPU
		{39BF9108-D9D3-5A29-C0A6-35BB35237553}.Release|x64.Build.0 = Release|Any CPU
		{39BF9108-D9D3-5A29-C0A6-35BB35237553}.Release|x86.ActiveCfg = Release|Any CPU
		{39BF9108-D9D3-5A29-C0A6-35BB35237553}.Release|x86.Build.0 = Release|Any CPU
		{4FD17598-D68E-4820-8902-B9D226EC4061}.Debug|Any CPU.ActiveCfg = Debug|Any CPU
		{4FD17598-D68E-4820-8902-B9D226EC4061}.Debug|Any CPU.Build.0 = Debug|Any CPU
		{4FD17598-D68E-4820-8902-B9D226EC4061}.Debug|x64.ActiveCfg = Debug|Any CPU
		{4FD17598-D68E-4820-8902-B9D226EC4061}.Debug|x64.Build.0 = Debug|Any CPU
		{4FD17598-D68E-4820-8902-B9D226EC4061}.Debug|x86.ActiveCfg = Debug|Any CPU
		{4FD17598-D68E-4820-8902-B9D226EC4061}.Debug|x86.Build.0 = Debug|Any CPU
		{4FD17598-D68E-4820-8902-B9D226EC4061}.Release|Any CPU.ActiveCfg = Release|Any CPU
		{4FD17598-D68E-4820-8902-B9D226EC4061}.Release|Any CPU.Build.0 = Release|Any CPU
		{4FD17598-D68E-4820-8902-B9D226EC4061}.Release|x64.ActiveCfg = Release|Any CPU
		{4FD17598-D68E-4820-8902-B9D226EC4061}.Release|x64.Build.0 = Release|Any CPU
		{4FD17598-D68E-4820-8902-B9D226EC4061}.Release|x86.ActiveCfg = Release|Any CPU
		{4FD17598-D68E-4820-8902-B9D226EC4061}.Release|x86.Build.0 = Release|Any CPU
		{A0F28F3B-6E4D-4C1E-B8A9-7D9E1F3A4C5B}.Debug|Any CPU.ActiveCfg = Debug|Any CPU
		{A0F28F3B-6E4D-4C1E-B8A9-7D9E1F3A4C5B}.Debug|Any CPU.Build.0 = Debug|Any CPU
		{A0F28F3B-6E4D-4C1E-B8A9-7D9E1F3A4C5B}.Debug|x64.ActiveCfg = Debug|Any CPU
		{A0F28F3B-6E4D-4C1E-B8A9-7D9E1F3A4C5B}.Debug|x64.Build.0 = Debug|Any CPU
		{A0F28F3B-6E4D-4C1E-B8A9-7D9E1F3A4C5B}.Debug|x86.ActiveCfg = Debug|Any CPU
		{A0F28F3B-6E4D-4C1E-B8A9-7D9E1F3A4C5B}.Debug|x86.Build.0 = Debug|Any CPU
		{A0F28F3B-6E4D-4C1E-B8A9-7D9E1F3A4C5B}.Release|Any CPU.ActiveCfg = Release|Any CPU
		{A0F28F3B-6E4D-4C1E-B8A9-7D9E1F3A4C5B}.Release|Any CPU.Build.0 = Release|Any CPU
		{A0F28F3B-6E4D-4C1E-B8A9-7D9E1F3A4C5B}.Release|x64.ActiveCfg = Release|Any CPU
		{A0F28F3B-6E4D-4C1E-B8A9-7D9E1F3A4C5B}.Release|x64.Build.0 = Release|Any CPU
		{A0F28F3B-6E4D-4C1E-B8A9-7D9E1F3A4C5B}.Release|x86.ActiveCfg = Release|Any CPU
		{A0F28F3B-6E4D-4C1E-B8A9-7D9E1F3A4C5B}.Release|x86.Build.0 = Release|Any CPU
		{B1E29A4C-7D5E-4F3B-A9C8-8E6F2D4A5C7D}.Debug|Any CPU.ActiveCfg = Debug|Any CPU
		{B1E29A4C-7D5E-4F3B-A9C8-8E6F2D4A5C7D}.Debug|Any CPU.Build.0 = Debug|Any CPU
		{B1E29A4C-7D5E-4F3B-A9C8-8E6F2D4A5C7D}.Debug|x64.ActiveCfg = Debug|Any CPU
		{B1E29A4C-7D5E-4F3B-A9C8-8E6F2D4A5C7D}.Debug|x64.Build.0 = Debug|Any CPU
		{B1E29A4C-7D5E-4F3B-A9C8-8E6F2D4A5C7D}.Debug|x86.ActiveCfg = Debug|Any CPU
		{B1E29A4C-7D5E-4F3B-A9C8-8E6F2D4A5C7D}.Debug|x86.Build.0 = Debug|Any CPU
		{B1E29A4C-7D5E-4F3B-A9C8-8E6F2D4A5C7D}.Release|Any CPU.ActiveCfg = Release|Any CPU
		{B1E29A4C-7D5E-4F3B-A9C8-8E6F2D4A5C7D}.Release|Any CPU.Build.0 = Release|Any CPU
		{B1E29A4C-7D5E-4F3B-A9C8-8E6F2D4A5C7D}.Release|x64.ActiveCfg = Release|Any CPU
		{B1E29A4C-7D5E-4F3B-A9C8-8E6F2D4A5C7D}.Release|x64.Build.0 = Release|Any CPU
		{B1E29A4C-7D5E-4F3B-A9C8-8E6F2D4A5C7D}.Release|x86.ActiveCfg = Release|Any CPU
		{B1E29A4C-7D5E-4F3B-A9C8-8E6F2D4A5C7D}.Release|x86.Build.0 = Release|Any CPU
		{7C26D01C-DE45-49F6-87B9-289C370A19E0}.Debug|Any CPU.ActiveCfg = Debug|Any CPU
		{7C26D01C-DE45-49F6-87B9-289C370A19E0}.Debug|Any CPU.Build.0 = Debug|Any CPU
		{7C26D01C-DE45-49F6-87B9-289C370A19E0}.Debug|x64.ActiveCfg = Debug|Any CPU
		{7C26D01C-DE45-49F6-87B9-289C370A19E0}.Debug|x64.Build.0 = Debug|Any CPU
		{7C26D01C-DE45-49F6-87B9-289C370A19E0}.Debug|x86.ActiveCfg = Debug|Any CPU
		{7C26D01C-DE45-49F6-87B9-289C370A19E0}.Debug|x86.Build.0 = Debug|Any CPU
		{7C26D01C-DE45-49F6-87B9-289C370A19E0}.Release|Any CPU.ActiveCfg = Release|Any CPU
		{7C26D01C-DE45-49F6-87B9-289C370A19E0}.Release|Any CPU.Build.0 = Release|Any CPU
		{7C26D01C-DE45-49F6-87B9-289C370A19E0}.Release|x64.ActiveCfg = Release|Any CPU
		{7C26D01C-DE45-49F6-87B9-289C370A19E0}.Release|x64.Build.0 = Release|Any CPU
		{7C26D01C-DE45-49F6-87B9-289C370A19E0}.Release|x86.ActiveCfg = Release|Any CPU
		{7C26D01C-DE45-49F6-87B9-289C370A19E0}.Release|x86.Build.0 = Release|Any CPU
		{45AC772D-E889-49B7-9398-AA100596C008}.Debug|Any CPU.ActiveCfg = Debug|Any CPU
		{45AC772D-E889-49B7-9398-AA100596C008}.Debug|Any CPU.Build.0 = Debug|Any CPU
		{45AC772D-E889-49B7-9398-AA100596C008}.Debug|x64.ActiveCfg = Debug|Any CPU
		{45AC772D-E889-49B7-9398-AA100596C008}.Debug|x64.Build.0 = Debug|Any CPU
		{45AC772D-E889-49B7-9398-AA100596C008}.Debug|x86.ActiveCfg = Debug|Any CPU
		{45AC772D-E889-49B7-9398-AA100596C008}.Debug|x86.Build.0 = Debug|Any CPU
		{45AC772D-E889-49B7-9398-AA100596C008}.Release|Any CPU.ActiveCfg = Release|Any CPU
		{45AC772D-E889-49B7-9398-AA100596C008}.Release|Any CPU.Build.0 = Release|Any CPU
		{45AC772D-E889-49B7-9398-AA100596C008}.Release|x64.ActiveCfg = Release|Any CPU
		{45AC772D-E889-49B7-9398-AA100596C008}.Release|x64.Build.0 = Release|Any CPU
		{45AC772D-E889-49B7-9398-AA100596C008}.Release|x86.ActiveCfg = Release|Any CPU
		{45AC772D-E889-49B7-9398-AA100596C008}.Release|x86.Build.0 = Release|Any CPU
		{2486FE73-58C1-4A51-A6A0-02403A78FCF8}.Debug|Any CPU.ActiveCfg = Debug|Any CPU
		{2486FE73-58C1-4A51-A6A0-02403A78FCF8}.Debug|Any CPU.Build.0 = Debug|Any CPU
		{2486FE73-58C1-4A51-A6A0-02403A78FCF8}.Debug|x64.ActiveCfg = Debug|Any CPU
		{2486FE73-58C1-4A51-A6A0-02403A78FCF8}.Debug|x64.Build.0 = Debug|Any CPU
		{2486FE73-58C1-4A51-A6A0-02403A78FCF8}.Debug|x86.ActiveCfg = Debug|Any CPU
		{2486FE73-58C1-4A51-A6A0-02403A78FCF8}.Debug|x86.Build.0 = Debug|Any CPU
		{2486FE73-58C1-4A51-A6A0-02403A78FCF8}.Release|Any CPU.ActiveCfg = Release|Any CPU
		{2486FE73-58C1-4A51-A6A0-02403A78FCF8}.Release|Any CPU.Build.0 = Release|Any CPU
		{2486FE73-58C1-4A51-A6A0-02403A78FCF8}.Release|x64.ActiveCfg = Release|Any CPU
		{2486FE73-58C1-4A51-A6A0-02403A78FCF8}.Release|x64.Build.0 = Release|Any CPU
		{2486FE73-58C1-4A51-A6A0-02403A78FCF8}.Release|x86.ActiveCfg = Release|Any CPU
		{2486FE73-58C1-4A51-A6A0-02403A78FCF8}.Release|x86.Build.0 = Release|Any CPU
		{38273C0B-2C37-476B-8C9B-1500A95D0044}.Debug|Any CPU.ActiveCfg = Debug|Any CPU
		{38273C0B-2C37-476B-8C9B-1500A95D0044}.Debug|Any CPU.Build.0 = Debug|Any CPU
		{38273C0B-2C37-476B-8C9B-1500A95D0044}.Debug|x64.ActiveCfg = Debug|Any CPU
		{38273C0B-2C37-476B-8C9B-1500A95D0044}.Debug|x64.Build.0 = Debug|Any CPU
		{38273C0B-2C37-476B-8C9B-1500A95D0044}.Debug|x86.ActiveCfg = Debug|Any CPU
		{38273C0B-2C37-476B-8C9B-1500A95D0044}.Debug|x86.Build.0 = Debug|Any CPU
		{38273C0B-2C37-476B-8C9B-1500A95D0044}.Release|Any CPU.ActiveCfg = Release|Any CPU
		{38273C0B-2C37-476B-8C9B-1500A95D0044}.Release|Any CPU.Build.0 = Release|Any CPU
		{38273C0B-2C37-476B-8C9B-1500A95D0044}.Release|x64.ActiveCfg = Release|Any CPU
		{38273C0B-2C37-476B-8C9B-1500A95D0044}.Release|x64.Build.0 = Release|Any CPU
		{38273C0B-2C37-476B-8C9B-1500A95D0044}.Release|x86.ActiveCfg = Release|Any CPU
		{38273C0B-2C37-476B-8C9B-1500A95D0044}.Release|x86.Build.0 = Release|Any CPU
		{332BB02E-03D9-4678-948C-86155F448D1C}.Debug|Any CPU.ActiveCfg = Debug|Any CPU
		{332BB02E-03D9-4678-948C-86155F448D1C}.Debug|Any CPU.Build.0 = Debug|Any CPU
		{332BB02E-03D9-4678-948C-86155F448D1C}.Debug|x64.ActiveCfg = Debug|Any CPU
		{332BB02E-03D9-4678-948C-86155F448D1C}.Debug|x64.Build.0 = Debug|Any CPU
		{332BB02E-03D9-4678-948C-86155F448D1C}.Debug|x86.ActiveCfg = Debug|Any CPU
		{332BB02E-03D9-4678-948C-86155F448D1C}.Debug|x86.Build.0 = Debug|Any CPU
		{332BB02E-03D9-4678-948C-86155F448D1C}.Release|Any CPU.ActiveCfg = Release|Any CPU
		{332BB02E-03D9-4678-948C-86155F448D1C}.Release|Any CPU.Build.0 = Release|Any CPU
		{332BB02E-03D9-4678-948C-86155F448D1C}.Release|x64.ActiveCfg = Release|Any CPU
		{332BB02E-03D9-4678-948C-86155F448D1C}.Release|x64.Build.0 = Release|Any CPU
		{332BB02E-03D9-4678-948C-86155F448D1C}.Release|x86.ActiveCfg = Release|Any CPU
		{332BB02E-03D9-4678-948C-86155F448D1C}.Release|x86.Build.0 = Release|Any CPU
		{AA11BB22-CC33-DD44-EE55-FF6677889900}.Debug|Any CPU.ActiveCfg = Debug|Any CPU
		{AA11BB22-CC33-DD44-EE55-FF6677889900}.Debug|Any CPU.Build.0 = Debug|Any CPU
		{AA11BB22-CC33-DD44-EE55-FF6677889900}.Debug|x64.ActiveCfg = Debug|Any CPU
		{AA11BB22-CC33-DD44-EE55-FF6677889900}.Debug|x64.Build.0 = Debug|Any CPU
		{AA11BB22-CC33-DD44-EE55-FF6677889900}.Debug|x86.ActiveCfg = Debug|Any CPU
		{AA11BB22-CC33-DD44-EE55-FF6677889900}.Debug|x86.Build.0 = Debug|Any CPU
		{AA11BB22-CC33-DD44-EE55-FF6677889900}.Release|Any CPU.ActiveCfg = Release|Any CPU
		{AA11BB22-CC33-DD44-EE55-FF6677889900}.Release|Any CPU.Build.0 = Release|Any CPU
		{AA11BB22-CC33-DD44-EE55-FF6677889900}.Release|x64.ActiveCfg = Release|Any CPU
		{AA11BB22-CC33-DD44-EE55-FF6677889900}.Release|x64.Build.0 = Release|Any CPU
		{AA11BB22-CC33-DD44-EE55-FF6677889900}.Release|x86.ActiveCfg = Release|Any CPU
		{AA11BB22-CC33-DD44-EE55-FF6677889900}.Release|x86.Build.0 = Release|Any CPU
		{BB22CC33-DD44-EE55-FF66-778899AA0011}.Debug|Any CPU.ActiveCfg = Debug|Any CPU
		{BB22CC33-DD44-EE55-FF66-778899AA0011}.Debug|Any CPU.Build.0 = Debug|Any CPU
		{BB22CC33-DD44-EE55-FF66-778899AA0011}.Debug|x64.ActiveCfg = Debug|Any CPU
		{BB22CC33-DD44-EE55-FF66-778899AA0011}.Debug|x64.Build.0 = Debug|Any CPU
		{BB22CC33-DD44-EE55-FF66-778899AA0011}.Debug|x86.ActiveCfg = Debug|Any CPU
		{BB22CC33-DD44-EE55-FF66-778899AA0011}.Debug|x86.Build.0 = Debug|Any CPU
		{BB22CC33-DD44-EE55-FF66-778899AA0011}.Release|Any CPU.ActiveCfg = Release|Any CPU
		{BB22CC33-DD44-EE55-FF66-778899AA0011}.Release|Any CPU.Build.0 = Release|Any CPU
		{BB22CC33-DD44-EE55-FF66-778899AA0011}.Release|x64.ActiveCfg = Release|Any CPU
		{BB22CC33-DD44-EE55-FF66-778899AA0011}.Release|x64.Build.0 = Release|Any CPU
		{BB22CC33-DD44-EE55-FF66-778899AA0011}.Release|x86.ActiveCfg = Release|Any CPU
		{BB22CC33-DD44-EE55-FF66-778899AA0011}.Release|x86.Build.0 = Release|Any CPU
		{CC33DD44-EE55-FF66-7788-99AA00BB1122}.Debug|Any CPU.ActiveCfg = Debug|Any CPU
		{CC33DD44-EE55-FF66-7788-99AA00BB1122}.Debug|Any CPU.Build.0 = Debug|Any CPU
		{CC33DD44-EE55-FF66-7788-99AA00BB1122}.Debug|x64.ActiveCfg = Debug|Any CPU
		{CC33DD44-EE55-FF66-7788-99AA00BB1122}.Debug|x64.Build.0 = Debug|Any CPU
		{CC33DD44-EE55-FF66-7788-99AA00BB1122}.Debug|x86.ActiveCfg = Debug|Any CPU
		{CC33DD44-EE55-FF66-7788-99AA00BB1122}.Debug|x86.Build.0 = Debug|Any CPU
		{CC33DD44-EE55-FF66-7788-99AA00BB1122}.Release|Any CPU.ActiveCfg = Release|Any CPU
		{CC33DD44-EE55-FF66-7788-99AA00BB1122}.Release|Any CPU.Build.0 = Release|Any CPU
		{CC33DD44-EE55-FF66-7788-99AA00BB1122}.Release|x64.ActiveCfg = Release|Any CPU
		{CC33DD44-EE55-FF66-7788-99AA00BB1122}.Release|x64.Build.0 = Release|Any CPU
		{CC33DD44-EE55-FF66-7788-99AA00BB1122}.Release|x86.ActiveCfg = Release|Any CPU
		{CC33DD44-EE55-FF66-7788-99AA00BB1122}.Release|x86.Build.0 = Release|Any CPU
		{DD44EE55-FF66-7788-99AA-00BB1122CC33}.Debug|Any CPU.ActiveCfg = Debug|Any CPU
		{DD44EE55-FF66-7788-99AA-00BB1122CC33}.Debug|Any CPU.Build.0 = Debug|Any CPU
		{DD44EE55-FF66-7788-99AA-00BB1122CC33}.Debug|x64.ActiveCfg = Debug|Any CPU
		{DD44EE55-FF66-7788-99AA-00BB1122CC33}.Debug|x64.Build.0 = Debug|Any CPU
		{DD44EE55-FF66-7788-99AA-00BB1122CC33}.Debug|x86.ActiveCfg = Debug|Any CPU
		{DD44EE55-FF66-7788-99AA-00BB1122CC33}.Debug|x86.Build.0 = Debug|Any CPU
		{DD44EE55-FF66-7788-99AA-00BB1122CC33}.Release|Any CPU.ActiveCfg = Release|Any CPU
		{DD44EE55-FF66-7788-99AA-00BB1122CC33}.Release|Any CPU.Build.0 = Release|Any CPU
		{DD44EE55-FF66-7788-99AA-00BB1122CC33}.Release|x64.ActiveCfg = Release|Any CPU
		{DD44EE55-FF66-7788-99AA-00BB1122CC33}.Release|x64.Build.0 = Release|Any CPU
		{DD44EE55-FF66-7788-99AA-00BB1122CC33}.Release|x86.ActiveCfg = Release|Any CPU
		{DD44EE55-FF66-7788-99AA-00BB1122CC33}.Release|x86.Build.0 = Release|Any CPU
		{EE55FF66-7788-99AA-00BB-1122CC33DD44}.Debug|Any CPU.ActiveCfg = Debug|Any CPU
		{EE55FF66-7788-99AA-00BB-1122CC33DD44}.Debug|Any CPU.Build.0 = Debug|Any CPU
		{EE55FF66-7788-99AA-00BB-1122CC33DD44}.Debug|x64.ActiveCfg = Debug|Any CPU
		{EE55FF66-7788-99AA-00BB-1122CC33DD44}.Debug|x64.Build.0 = Debug|Any CPU
		{EE55FF66-7788-99AA-00BB-1122CC33DD44}.Debug|x86.ActiveCfg = Debug|Any CPU
		{EE55FF66-7788-99AA-00BB-1122CC33DD44}.Debug|x86.Build.0 = Debug|Any CPU
		{EE55FF66-7788-99AA-00BB-1122CC33DD44}.Release|Any CPU.ActiveCfg = Release|Any CPU
		{EE55FF66-7788-99AA-00BB-1122CC33DD44}.Release|Any CPU.Build.0 = Release|Any CPU
		{EE55FF66-7788-99AA-00BB-1122CC33DD44}.Release|x64.ActiveCfg = Release|Any CPU
		{EE55FF66-7788-99AA-00BB-1122CC33DD44}.Release|x64.Build.0 = Release|Any CPU
		{EE55FF66-7788-99AA-00BB-1122CC33DD44}.Release|x86.ActiveCfg = Release|Any CPU
		{EE55FF66-7788-99AA-00BB-1122CC33DD44}.Release|x86.Build.0 = Release|Any CPU
		{1A69D80B-CDB3-4CDB-95B5-EA2726216DA3}.Debug|Any CPU.ActiveCfg = Debug|Any CPU
		{1A69D80B-CDB3-4CDB-95B5-EA2726216DA3}.Debug|Any CPU.Build.0 = Debug|Any CPU
		{1A69D80B-CDB3-4CDB-95B5-EA2726216DA3}.Debug|x64.ActiveCfg = Debug|Any CPU
		{1A69D80B-CDB3-4CDB-95B5-EA2726216DA3}.Debug|x64.Build.0 = Debug|Any CPU
		{1A69D80B-CDB3-4CDB-95B5-EA2726216DA3}.Debug|x86.ActiveCfg = Debug|Any CPU
		{1A69D80B-CDB3-4CDB-95B5-EA2726216DA3}.Debug|x86.Build.0 = Debug|Any CPU
		{1A69D80B-CDB3-4CDB-95B5-EA2726216DA3}.Release|Any CPU.ActiveCfg = Release|Any CPU
		{1A69D80B-CDB3-4CDB-95B5-EA2726216DA3}.Release|Any CPU.Build.0 = Release|Any CPU
		{1A69D80B-CDB3-4CDB-95B5-EA2726216DA3}.Release|x64.ActiveCfg = Release|Any CPU
		{1A69D80B-CDB3-4CDB-95B5-EA2726216DA3}.Release|x64.Build.0 = Release|Any CPU
		{1A69D80B-CDB3-4CDB-95B5-EA2726216DA3}.Release|x86.ActiveCfg = Release|Any CPU
		{1A69D80B-CDB3-4CDB-95B5-EA2726216DA3}.Release|x86.Build.0 = Release|Any CPU
		{DED26D1E-B75F-46B9-AFBB-939BC5611834}.Debug|Any CPU.ActiveCfg = Debug|Any CPU
		{DED26D1E-B75F-46B9-AFBB-939BC5611834}.Debug|Any CPU.Build.0 = Debug|Any CPU
		{DED26D1E-B75F-46B9-AFBB-939BC5611834}.Debug|x64.ActiveCfg = Debug|Any CPU
		{DED26D1E-B75F-46B9-AFBB-939BC5611834}.Debug|x64.Build.0 = Debug|Any CPU
		{DED26D1E-B75F-46B9-AFBB-939BC5611834}.Debug|x86.ActiveCfg = Debug|Any CPU
		{DED26D1E-B75F-46B9-AFBB-939BC5611834}.Debug|x86.Build.0 = Debug|Any CPU
		{DED26D1E-B75F-46B9-AFBB-939BC5611834}.Release|Any CPU.ActiveCfg = Release|Any CPU
		{DED26D1E-B75F-46B9-AFBB-939BC5611834}.Release|Any CPU.Build.0 = Release|Any CPU
		{DED26D1E-B75F-46B9-AFBB-939BC5611834}.Release|x64.ActiveCfg = Release|Any CPU
		{DED26D1E-B75F-46B9-AFBB-939BC5611834}.Release|x64.Build.0 = Release|Any CPU
		{DED26D1E-B75F-46B9-AFBB-939BC5611834}.Release|x86.ActiveCfg = Release|Any CPU
		{DED26D1E-B75F-46B9-AFBB-939BC5611834}.Release|x86.Build.0 = Release|Any CPU
		{5DBDB5F2-D550-4CAC-A942-B9A56300ED0E}.Debug|Any CPU.ActiveCfg = Debug|Any CPU
		{5DBDB5F2-D550-4CAC-A942-B9A56300ED0E}.Debug|Any CPU.Build.0 = Debug|Any CPU
		{5DBDB5F2-D550-4CAC-A942-B9A56300ED0E}.Debug|x64.ActiveCfg = Debug|Any CPU
		{5DBDB5F2-D550-4CAC-A942-B9A56300ED0E}.Debug|x64.Build.0 = Debug|Any CPU
		{5DBDB5F2-D550-4CAC-A942-B9A56300ED0E}.Debug|x86.ActiveCfg = Debug|Any CPU
		{5DBDB5F2-D550-4CAC-A942-B9A56300ED0E}.Debug|x86.Build.0 = Debug|Any CPU
		{5DBDB5F2-D550-4CAC-A942-B9A56300ED0E}.Release|Any CPU.ActiveCfg = Release|Any CPU
		{5DBDB5F2-D550-4CAC-A942-B9A56300ED0E}.Release|Any CPU.Build.0 = Release|Any CPU
		{5DBDB5F2-D550-4CAC-A942-B9A56300ED0E}.Release|x64.ActiveCfg = Release|Any CPU
		{5DBDB5F2-D550-4CAC-A942-B9A56300ED0E}.Release|x64.Build.0 = Release|Any CPU
		{5DBDB5F2-D550-4CAC-A942-B9A56300ED0E}.Release|x86.ActiveCfg = Release|Any CPU
		{5DBDB5F2-D550-4CAC-A942-B9A56300ED0E}.Release|x86.Build.0 = Release|Any CPU
		{243417D8-7F71-44A2-8060-0B03266FDB1B}.Debug|Any CPU.ActiveCfg = Debug|Any CPU
		{243417D8-7F71-44A2-8060-0B03266FDB1B}.Debug|Any CPU.Build.0 = Debug|Any CPU
		{243417D8-7F71-44A2-8060-0B03266FDB1B}.Debug|x64.ActiveCfg = Debug|Any CPU
		{243417D8-7F71-44A2-8060-0B03266FDB1B}.Debug|x64.Build.0 = Debug|Any CPU
		{243417D8-7F71-44A2-8060-0B03266FDB1B}.Debug|x86.ActiveCfg = Debug|Any CPU
		{243417D8-7F71-44A2-8060-0B03266FDB1B}.Debug|x86.Build.0 = Debug|Any CPU
		{243417D8-7F71-44A2-8060-0B03266FDB1B}.Release|Any CPU.ActiveCfg = Release|Any CPU
		{243417D8-7F71-44A2-8060-0B03266FDB1B}.Release|Any CPU.Build.0 = Release|Any CPU
		{243417D8-7F71-44A2-8060-0B03266FDB1B}.Release|x64.ActiveCfg = Release|Any CPU
		{243417D8-7F71-44A2-8060-0B03266FDB1B}.Release|x64.Build.0 = Release|Any CPU
		{243417D8-7F71-44A2-8060-0B03266FDB1B}.Release|x86.ActiveCfg = Release|Any CPU
		{243417D8-7F71-44A2-8060-0B03266FDB1B}.Release|x86.Build.0 = Release|Any CPU
		{F15CF348-6D2A-454F-A0EF-E46ACE0B3A15}.Debug|Any CPU.ActiveCfg = Debug|Any CPU
		{F15CF348-6D2A-454F-A0EF-E46ACE0B3A15}.Debug|Any CPU.Build.0 = Debug|Any CPU
		{F15CF348-6D2A-454F-A0EF-E46ACE0B3A15}.Debug|x64.ActiveCfg = Debug|Any CPU
		{F15CF348-6D2A-454F-A0EF-E46ACE0B3A15}.Debug|x64.Build.0 = Debug|Any CPU
		{F15CF348-6D2A-454F-A0EF-E46ACE0B3A15}.Debug|x86.ActiveCfg = Debug|Any CPU
		{F15CF348-6D2A-454F-A0EF-E46ACE0B3A15}.Debug|x86.Build.0 = Debug|Any CPU
		{F15CF348-6D2A-454F-A0EF-E46ACE0B3A15}.Release|Any CPU.ActiveCfg = Release|Any CPU
		{F15CF348-6D2A-454F-A0EF-E46ACE0B3A15}.Release|Any CPU.Build.0 = Release|Any CPU
		{F15CF348-6D2A-454F-A0EF-E46ACE0B3A15}.Release|x64.ActiveCfg = Release|Any CPU
		{F15CF348-6D2A-454F-A0EF-E46ACE0B3A15}.Release|x64.Build.0 = Release|Any CPU
		{F15CF348-6D2A-454F-A0EF-E46ACE0B3A15}.Release|x86.ActiveCfg = Release|Any CPU
		{F15CF348-6D2A-454F-A0EF-E46ACE0B3A15}.Release|x86.Build.0 = Release|Any CPU
	EndGlobalSection
	GlobalSection(SolutionProperties) = preSolution
		HideSolutionNode = FALSE
	EndGlobalSection
	GlobalSection(NestedProjects) = preSolution
		{A7FD33F6-68B0-4B1D-8C19-6C5E02C2F7E1} = {8BC9CEB8-8B4A-11D0-8D11-00A0C91BC942}
		{B8FE44F7-79C1-4C2E-9D2A-7D6F03D3F8F2} = {8BC9CEB8-8B4A-11D0-8D11-00A0C91BC942}
		{59996FF8-11DE-4E1F-B86A-D6917CFB5399} = {0CCA0EB9-9C5B-22E1-9E22-11B1D92CD054}
		{99428F86-7707-4A79-9901-5E0311383A43} = {0CCA0EB9-9C5B-22E1-9E22-11B1D92CD054}
		{55E804DB-0CD9-429D-8185-3916C157BABF} = {0CCA0EB9-9C5B-22E1-9E22-11B1D92CD054}
		{A1234567-89AB-CDEF-0123-456789ABCDEF} = {0CCA0EB9-9C5B-22E1-9E22-11B1D92CD054}
		{B2345678-9ABC-DEF0-1234-56789ABCDEF0} = {0CCA0EB9-9C5B-22E1-9E22-11B1D92CD054}
		{C3456789-ABCD-EF01-2345-6789ABCDEF01} = {0CCA0EB9-9C5B-22E1-9E22-11B1D92CD054}
		{D4567890-BCDE-F012-3456-789ABCDEF012} = {0CCA0EB9-9C5B-22E1-9E22-11B1D92CD054}
		{E5678901-CDEF-0123-4567-89ABCDEF0123} = {0CCA0EB9-9C5B-22E1-9E22-11B1D92CD054}
		{F6789012-DEF0-1234-5678-9ABCDEF01234} = {0CCA0EB9-9C5B-22E1-9E22-11B1D92CD054}
		{10890123-EF01-2345-6789-ABCDEF012345} = {0CCA0EB9-9C5B-22E1-9E22-11B1D92CD054}
		{11901234-EF02-3456-789A-BCDEF1234567} = {0CCA0EB9-9C5B-22E1-9E22-11B1D92CD054}
		{21901234-F012-3456-789A-BCDEF0123456} = {0CCA0EB9-9C5B-22E1-9E22-11B1D92CD054}
		{32012345-0123-4567-89AB-CDEF01234567} = {0CCA0EB9-9C5B-22E1-9E22-11B1D92CD054}
		{139FA523-CAF0-4EE4-8C5F-C4AE417473A5} = {0CCA0EB9-9C5B-22E1-9E22-11B1D92CD054}
		{980DE681-BBA8-481A-A3AE-42D0918E079B} = {0CCA0EB9-9C5B-22E1-9E22-11B1D92CD054}
		{5035EAAB-C8E2-45E1-8DEB-66C3CDBAA5DB} = {0CCA0EB9-9C5B-22E1-9E22-11B1D92CD054}
		{B20C7BE9-8BFB-46F0-883D-BE29861114DA} = {0CCA0EB9-9C5B-22E1-9E22-11B1D92CD054}
		{E3DE301D-EE20-439D-865B-A13ADFF11332} = {0CCA0EB9-9C5B-22E1-9E22-11B1D92CD054}
		{211DA789-27EF-4339-A52F-79F87E3E36DA} = {0CCA0EB9-9C5B-22E1-9E22-11B1D92CD054}
		{8FF1199E-BABF-48F9-A0B2-1CCFAF57261B} = {0CCA0EB9-9C5B-22E1-9E22-11B1D92CD054}
		{5F96E107-560F-4082-A4EB-33B128836EC9} = {0CCA0EB9-9C5B-22E1-9E22-11B1D92CD054}
		{755E6E0D-44E4-47C5-A677-DAD12A61BD8A} = {0CCA0EB9-9C5B-22E1-9E22-11B1D92CD054}
		{C8B439DF-C2FA-4966-845C-947E96D400CB} = {0CCA0EB9-9C5B-22E1-9E22-11B1D92CD054}
		{5068BD0E-6348-4A13-AE87-346A55BFB834} = {0CCA0EB9-9C5B-22E1-9E22-11B1D92CD054}
		{DB666BA2-1464-4C0D-85FD-E55D2FF90C4F} = {0CCA0EB9-9C5B-22E1-9E22-11B1D92CD054}
		{D0283AF8-EFA7-4322-9691-31DF1BF66EFA} = {0CCA0EB9-9C5B-22E1-9E22-11B1D92CD054}
		{9A17EFEF-5061-4FF1-B031-5547B4978FD6} = {0CCA0EB9-9C5B-22E1-9E22-11B1D92CD054}
		{5C2D6E22-D0DC-4A95-A66B-5499B852A4BB} = {0CCA0EB9-9C5B-22E1-9E22-11B1D92CD054}
		{9D7E3F45-B1C2-4D8E-A3F6-7C8B9D0E1F2A} = {0CCA0EB9-9C5B-22E1-9E22-11B1D92CD054}
		{8E6D4C3B-A9F1-4E2D-B7A8-6C5D9E0F1A3B} = {0CCA0EB9-9C5B-22E1-9E22-11B1D92CD054}
		{28AF8097-C8C2-4918-B9F5-24AA24126442} = {0CCA0EB9-9C5B-22E1-9E22-11B1D92CD054}
		{39BF9108-D9D3-5A29-C0A6-35BB35237553} = {0CCA0EB9-9C5B-22E1-9E22-11B1D92CD054}
		{4FD17598-D68E-4820-8902-B9D226EC4061} = {0CCA0EB9-9C5B-22E1-9E22-11B1D92CD054}
		{A0F28F3B-6E4D-4C1E-B8A9-7D9E1F3A4C5B} = {0CCA0EB9-9C5B-22E1-9E22-11B1D92CD054}
		{B1E29A4C-7D5E-4F3B-A9C8-8E6F2D4A5C7D} = {0CCA0EB9-9C5B-22E1-9E22-11B1D92CD054}
		{7C26D01C-DE45-49F6-87B9-289C370A19E0} = {0CCA0EB9-9C5B-22E1-9E22-11B1D92CD054}
		{45AC772D-E889-49B7-9398-AA100596C008} = {0CCA0EB9-9C5B-22E1-9E22-11B1D92CD054}
		{2486FE73-58C1-4A51-A6A0-02403A78FCF8} = {0CCA0EB9-9C5B-22E1-9E22-11B1D92CD054}
		{38273C0B-2C37-476B-8C9B-1500A95D0044} = {0CCA0EB9-9C5B-22E1-9E22-11B1D92CD054}
		{332BB02E-03D9-4678-948C-86155F448D1C} = {0CCA0EB9-9C5B-22E1-9E22-11B1D92CD054}
		{AA11BB22-CC33-DD44-EE55-FF6677889900} = {0CCA0EB9-9C5B-22E1-9E22-11B1D92CD054}
		{BB22CC33-DD44-EE55-FF66-778899AA0011} = {0CCA0EB9-9C5B-22E1-9E22-11B1D92CD054}
		{CC33DD44-EE55-FF66-7788-99AA00BB1122} = {0CCA0EB9-9C5B-22E1-9E22-11B1D92CD054}
		{DD44EE55-FF66-7788-99AA-00BB1122CC33} = {0CCA0EB9-9C5B-22E1-9E22-11B1D92CD054}
		{EE55FF66-7788-99AA-00BB-1122CC33DD44} = {0CCA0EB9-9C5B-22E1-9E22-11B1D92CD054}
		{1A69D80B-CDB3-4CDB-95B5-EA2726216DA3} = {0CCA0EB9-9C5B-22E1-9E22-11B1D92CD054}
		{DED26D1E-B75F-46B9-AFBB-939BC5611834} = {0CCA0EB9-9C5B-22E1-9E22-11B1D92CD054}
		{5DBDB5F2-D550-4CAC-A942-B9A56300ED0E} = {0CCA0EB9-9C5B-22E1-9E22-11B1D92CD054}
		{243417D8-7F71-44A2-8060-0B03266FDB1B} = {0CCA0EB9-9C5B-22E1-9E22-11B1D92CD054}
		{F15CF348-6D2A-454F-A0EF-E46ACE0B3A15} = {0CCA0EB9-9C5B-22E1-9E22-11B1D92CD054}
	EndGlobalSection
	GlobalSection(ExtensibilityGlobals) = postSolution
		SolutionGuid = {0CBE475C-0102-41EF-96A2-1DBE0DF6F2E1}
	EndGlobalSection
EndGlobal
